// !$*UTF8*$!
{
	archiveVersion = 1;
	classes = {
	};
	objectVersion = 46;
	objects = {

/* Begin PBXAggregateTarget section */
		3C4CA3161AA9047800027F0F /* ExamplesObjc */ = {
			isa = PBXAggregateTarget;
			buildConfigurationList = 3C4CA3171AA9047800027F0F /* Build configuration list for PBXAggregateTarget "ExamplesObjc" */;
			buildPhases = (
			);
			dependencies = (
				3C4CA32F1AA9062F00027F0F /* PBXTargetDependency */,
				3C4CA31B1AA9047B00027F0F /* PBXTargetDependency */,
				3C4CA31D1AA9047C00027F0F /* PBXTargetDependency */,
			);
			name = ExamplesObjc;
			productName = Examples;
		};
/* End PBXAggregateTarget section */

/* Begin PBXBuildFile section */
		20EB35D41AA5E351009815EE /* NMBExceptionCapture.m in Sources */ = {isa = PBXBuildFile; fileRef = 20EB35D31AA5E351009815EE /* NMBExceptionCapture.m */; };
		3C0578421AA2830E004E1D1D /* Pattern.swift in Sources */ = {isa = PBXBuildFile; fileRef = 3C0578411AA2830E004E1D1D /* Pattern.swift */; };
		3C0578441AA28404004E1D1D /* BranchPattern.swift in Sources */ = {isa = PBXBuildFile; fileRef = 3C0578431AA28404004E1D1D /* BranchPattern.swift */; };
		3C0578461AA32C91004E1D1D /* Required.swift in Sources */ = {isa = PBXBuildFile; fileRef = 3C0578451AA32C91004E1D1D /* Required.swift */; };
		3C0578481AA32CE4004E1D1D /* Optional.swift in Sources */ = {isa = PBXBuildFile; fileRef = 3C0578471AA32CE4004E1D1D /* Optional.swift */; };
		3C0578491AA32D38004E1D1D /* Required.swift in Sources */ = {isa = PBXBuildFile; fileRef = 3C0578451AA32C91004E1D1D /* Required.swift */; };
		3C05784A1AA32D3A004E1D1D /* Optional.swift in Sources */ = {isa = PBXBuildFile; fileRef = 3C0578471AA32CE4004E1D1D /* Optional.swift */; };
		3C05784B1AA32D3C004E1D1D /* BranchPattern.swift in Sources */ = {isa = PBXBuildFile; fileRef = 3C0578431AA28404004E1D1D /* BranchPattern.swift */; };
		3C05784C1AA32D3E004E1D1D /* Pattern.swift in Sources */ = {isa = PBXBuildFile; fileRef = 3C0578411AA2830E004E1D1D /* Pattern.swift */; };
		3C05784E1AA32DF3004E1D1D /* LeafPattern.swift in Sources */ = {isa = PBXBuildFile; fileRef = 3C05784D1AA32DF3004E1D1D /* LeafPattern.swift */; };
		3C05784F1AA32DF7004E1D1D /* LeafPattern.swift in Sources */ = {isa = PBXBuildFile; fileRef = 3C05784D1AA32DF3004E1D1D /* LeafPattern.swift */; };
		3C0578511AA3386F004E1D1D /* Tokens.swift in Sources */ = {isa = PBXBuildFile; fileRef = 3C0578501AA3386F004E1D1D /* Tokens.swift */; };
		3C0578521AA33DD4004E1D1D /* Tokens.swift in Sources */ = {isa = PBXBuildFile; fileRef = 3C0578501AA3386F004E1D1D /* Tokens.swift */; };
		3C0578541AA34D1F004E1D1D /* Either.swift in Sources */ = {isa = PBXBuildFile; fileRef = 3C0578531AA34D1F004E1D1D /* Either.swift */; };
		3C0578551AA34D62004E1D1D /* Either.swift in Sources */ = {isa = PBXBuildFile; fileRef = 3C0578531AA34D1F004E1D1D /* Either.swift */; };
		3C0578571AA34F12004E1D1D /* OneOrMore.swift in Sources */ = {isa = PBXBuildFile; fileRef = 3C0578561AA34F12004E1D1D /* OneOrMore.swift */; };
		3C0578581AA3529B004E1D1D /* OneOrMore.swift in Sources */ = {isa = PBXBuildFile; fileRef = 3C0578561AA34F12004E1D1D /* OneOrMore.swift */; };
		3C3B5F5A1AA3991100787183 /* DocoptError.swift in Sources */ = {isa = PBXBuildFile; fileRef = 3C3B5F591AA3991100787183 /* DocoptError.swift */; };
		3C3B5F5B1AA39B9D00787183 /* DocoptError.swift in Sources */ = {isa = PBXBuildFile; fileRef = 3C3B5F591AA3991100787183 /* DocoptError.swift */; };
		3C4CA3031AA901B900027F0F /* calculator_example.m in Sources */ = {isa = PBXBuildFile; fileRef = 3C4CA3021AA901B900027F0F /* calculator_example.m */; };
		3C4CA3071AA903CC00027F0F /* Docopt.framework in Frameworks */ = {isa = PBXBuildFile; fileRef = 3CE9112E1AA1DE7D00082C0B /* Docopt.framework */; };
		3C4CA3151AA9045F00027F0F /* arguments_example.m in Sources */ = {isa = PBXBuildFile; fileRef = 3C4CA2C81AA8FFA800027F0F /* arguments_example.m */; };
		3C4CA3201AA904BE00027F0F /* Docopt.framework in Frameworks */ = {isa = PBXBuildFile; fileRef = 3CE9112E1AA1DE7D00082C0B /* Docopt.framework */; };
		3C4CA32D1AA905D700027F0F /* naval_fate.m in Sources */ = {isa = PBXBuildFile; fileRef = 3C4CA32C1AA905D700027F0F /* naval_fate.m */; };
		3C4CA3321AA9065300027F0F /* Docopt.framework in Frameworks */ = {isa = PBXBuildFile; fileRef = 3CE9112E1AA1DE7D00082C0B /* Docopt.framework */; };
		3C4CA3421AA910C000027F0F /* main.swift in Sources */ = {isa = PBXBuildFile; fileRef = 3C4CA3411AA910C000027F0F /* main.swift */; };
		3C4CA3451AA910D900027F0F /* Docopt.framework in Frameworks */ = {isa = PBXBuildFile; fileRef = 3CE9112E1AA1DE7D00082C0B /* Docopt.framework */; };
		3C55C2681AA7977500E2B5E1 /* DocoptTestCasesTests.swift in Sources */ = {isa = PBXBuildFile; fileRef = 3C55C2671AA7977500E2B5E1 /* DocoptTestCasesTests.swift */; };
		3CB143841AA3690100964724 /* Argument.swift in Sources */ = {isa = PBXBuildFile; fileRef = 3CB143831AA3690100964724 /* Argument.swift */; };
		3CB143851AA3696500964724 /* Argument.swift in Sources */ = {isa = PBXBuildFile; fileRef = 3CB143831AA3690100964724 /* Argument.swift */; };
		3CB143871AA36BF500964724 /* OptionsShortcut.swift in Sources */ = {isa = PBXBuildFile; fileRef = 3CB143861AA36BF500964724 /* OptionsShortcut.swift */; };
		3CB143881AA36C6400964724 /* OptionsShortcut.swift in Sources */ = {isa = PBXBuildFile; fileRef = 3CB143861AA36BF500964724 /* OptionsShortcut.swift */; };
		3CB1438A1AA36D0900964724 /* Command.swift in Sources */ = {isa = PBXBuildFile; fileRef = 3CB143891AA36D0900964724 /* Command.swift */; };
		3CB1438B1AA36D2000964724 /* Command.swift in Sources */ = {isa = PBXBuildFile; fileRef = 3CB143891AA36D0900964724 /* Command.swift */; };
		3CC416741AA22C2C008A6C8B /* Option.swift in Sources */ = {isa = PBXBuildFile; fileRef = 3CC416731AA22C2C008A6C8B /* Option.swift */; };
		3CC416761AA22FC3008A6C8B /* Option.swift in Sources */ = {isa = PBXBuildFile; fileRef = 3CC416731AA22C2C008A6C8B /* Option.swift */; };
		3CC416781AA22FE2008A6C8B /* String.swift in Sources */ = {isa = PBXBuildFile; fileRef = 3CC416771AA22FE2008A6C8B /* String.swift */; };
		3CC416791AA22FE2008A6C8B /* String.swift in Sources */ = {isa = PBXBuildFile; fileRef = 3CC416771AA22FE2008A6C8B /* String.swift */; };
		3CE911341AA1DE7D00082C0B /* Docopt.h in Headers */ = {isa = PBXBuildFile; fileRef = 3CE911331AA1DE7D00082C0B /* Docopt.h */; settings = {ATTRIBUTES = (Public, ); }; };
		3CE9113A1AA1DE7E00082C0B /* Docopt.framework in Frameworks */ = {isa = PBXBuildFile; fileRef = 3CE9112E1AA1DE7D00082C0B /* Docopt.framework */; };
		3CE911411AA1DE7E00082C0B /* DocoptTests.swift in Sources */ = {isa = PBXBuildFile; fileRef = 3CE911401AA1DE7E00082C0B /* DocoptTests.swift */; };
		3CE9114B1AA1DEB700082C0B /* Docopt.swift in Sources */ = {isa = PBXBuildFile; fileRef = 3CE9114A1AA1DEB700082C0B /* Docopt.swift */; };
		3CE9114C1AA1DEB700082C0B /* Docopt.swift in Sources */ = {isa = PBXBuildFile; fileRef = 3CE9114A1AA1DEB700082C0B /* Docopt.swift */; };
		3CE9114E1AA1E1F200082C0B /* DocoptTestCase.swift in Sources */ = {isa = PBXBuildFile; fileRef = 3CE9114D1AA1E1F200082C0B /* DocoptTestCase.swift */; };
		3CE911501AA1E20400082C0B /* testcases.docopt in Resources */ = {isa = PBXBuildFile; fileRef = 3CE9114F1AA1E20400082C0B /* testcases.docopt */; };
		3CE911521AA1E22400082C0B /* DocoptTestCaseParser.swift in Sources */ = {isa = PBXBuildFile; fileRef = 3CE911511AA1E22400082C0B /* DocoptTestCaseParser.swift */; };
/* End PBXBuildFile section */

/* Begin PBXContainerItemProxy section */
		3C4CA3051AA903C700027F0F /* PBXContainerItemProxy */ = {
			isa = PBXContainerItemProxy;
			containerPortal = 3CE911251AA1DE7D00082C0B /* Project object */;
			proxyType = 1;
			remoteGlobalIDString = 3CE9112D1AA1DE7D00082C0B;
			remoteInfo = Docopt;
		};
		3C4CA31A1AA9047B00027F0F /* PBXContainerItemProxy */ = {
			isa = PBXContainerItemProxy;
			containerPortal = 3CE911251AA1DE7D00082C0B /* Project object */;
			proxyType = 1;
			remoteGlobalIDString = 3C4CA2EE1AA9018000027F0F;
			remoteInfo = calculator_example;
		};
		3C4CA31C1AA9047C00027F0F /* PBXContainerItemProxy */ = {
			isa = PBXContainerItemProxy;
			containerPortal = 3CE911251AA1DE7D00082C0B /* Project object */;
			proxyType = 1;
			remoteGlobalIDString = 3C4CA30D1AA9045B00027F0F;
			remoteInfo = arguments_example;
		};
		3C4CA31E1AA904B900027F0F /* PBXContainerItemProxy */ = {
			isa = PBXContainerItemProxy;
			containerPortal = 3CE911251AA1DE7D00082C0B /* Project object */;
			proxyType = 1;
			remoteGlobalIDString = 3CE9112D1AA1DE7D00082C0B;
			remoteInfo = Docopt;
		};
		3C4CA32E1AA9062F00027F0F /* PBXContainerItemProxy */ = {
			isa = PBXContainerItemProxy;
			containerPortal = 3CE911251AA1DE7D00082C0B /* Project object */;
			proxyType = 1;
			remoteGlobalIDString = 3C4CA3241AA905BD00027F0F;
			remoteInfo = naval_fate;
		};
		3C4CA3301AA9065100027F0F /* PBXContainerItemProxy */ = {
			isa = PBXContainerItemProxy;
			containerPortal = 3CE911251AA1DE7D00082C0B /* Project object */;
			proxyType = 1;
			remoteGlobalIDString = 3CE9112D1AA1DE7D00082C0B;
			remoteInfo = Docopt;
		};
		3C4CA3431AA910D300027F0F /* PBXContainerItemProxy */ = {
			isa = PBXContainerItemProxy;
			containerPortal = 3CE911251AA1DE7D00082C0B /* Project object */;
			proxyType = 1;
			remoteGlobalIDString = 3CE9112D1AA1DE7D00082C0B;
			remoteInfo = Docopt;
		};
		3CE9113B1AA1DE7E00082C0B /* PBXContainerItemProxy */ = {
			isa = PBXContainerItemProxy;
			containerPortal = 3CE911251AA1DE7D00082C0B /* Project object */;
			proxyType = 1;
			remoteGlobalIDString = 3CE9112D1AA1DE7D00082C0B;
			remoteInfo = docopt;
		};
/* End PBXContainerItemProxy section */

/* Begin PBXCopyFilesBuildPhase section */
		3C4CA2ED1AA9018000027F0F /* CopyFiles */ = {
			isa = PBXCopyFilesBuildPhase;
			buildActionMask = 12;
			dstPath = "";
			dstSubfolderSpec = 0;
			files = (
			);
			runOnlyForDeploymentPostprocessing = 0;
		};
		3C4CA30C1AA9045B00027F0F /* CopyFiles */ = {
			isa = PBXCopyFilesBuildPhase;
			buildActionMask = 2147483647;
			dstPath = /usr/share/man/man1/;
			dstSubfolderSpec = 0;
			files = (
			);
			runOnlyForDeploymentPostprocessing = 1;
		};
		3C4CA3231AA905BD00027F0F /* CopyFiles */ = {
			isa = PBXCopyFilesBuildPhase;
			buildActionMask = 2147483647;
			dstPath = /usr/share/man/man1/;
			dstSubfolderSpec = 0;
			files = (
			);
			runOnlyForDeploymentPostprocessing = 1;
		};
		3C4CA3351AA90EBD00027F0F /* CopyFiles */ = {
			isa = PBXCopyFilesBuildPhase;
			buildActionMask = 2147483647;
			dstPath = /usr/share/man/man1/;
			dstSubfolderSpec = 0;
			files = (
			);
			runOnlyForDeploymentPostprocessing = 1;
		};
/* End PBXCopyFilesBuildPhase section */

/* Begin PBXFileReference section */
		20EB35D21AA5E351009815EE /* NMBExceptionCapture.h */ = {isa = PBXFileReference; fileEncoding = 4; lastKnownFileType = sourcecode.c.h; path = NMBExceptionCapture.h; sourceTree = "<group>"; };
		20EB35D31AA5E351009815EE /* NMBExceptionCapture.m */ = {isa = PBXFileReference; fileEncoding = 4; lastKnownFileType = sourcecode.c.objc; path = NMBExceptionCapture.m; sourceTree = "<group>"; };
		20EB35D51AA5E3DF009815EE /* DocoptTests.h */ = {isa = PBXFileReference; lastKnownFileType = sourcecode.c.h; name = DocoptTests.h; path = ../DocoptTests.h; sourceTree = "<group>"; };
		3C0578411AA2830E004E1D1D /* Pattern.swift */ = {isa = PBXFileReference; fileEncoding = 4; lastKnownFileType = sourcecode.swift; path = Pattern.swift; sourceTree = "<group>"; };
		3C0578431AA28404004E1D1D /* BranchPattern.swift */ = {isa = PBXFileReference; fileEncoding = 4; lastKnownFileType = sourcecode.swift; path = BranchPattern.swift; sourceTree = "<group>"; };
		3C0578451AA32C91004E1D1D /* Required.swift */ = {isa = PBXFileReference; fileEncoding = 4; lastKnownFileType = sourcecode.swift; path = Required.swift; sourceTree = "<group>"; };
		3C0578471AA32CE4004E1D1D /* Optional.swift */ = {isa = PBXFileReference; fileEncoding = 4; lastKnownFileType = sourcecode.swift; path = Optional.swift; sourceTree = "<group>"; };
		3C05784D1AA32DF3004E1D1D /* LeafPattern.swift */ = {isa = PBXFileReference; fileEncoding = 4; lastKnownFileType = sourcecode.swift; path = LeafPattern.swift; sourceTree = "<group>"; };
		3C0578501AA3386F004E1D1D /* Tokens.swift */ = {isa = PBXFileReference; fileEncoding = 4; lastKnownFileType = sourcecode.swift; path = Tokens.swift; sourceTree = "<group>"; };
		3C0578531AA34D1F004E1D1D /* Either.swift */ = {isa = PBXFileReference; fileEncoding = 4; lastKnownFileType = sourcecode.swift; path = Either.swift; sourceTree = "<group>"; };
		3C0578561AA34F12004E1D1D /* OneOrMore.swift */ = {isa = PBXFileReference; fileEncoding = 4; lastKnownFileType = sourcecode.swift; path = OneOrMore.swift; sourceTree = "<group>"; };
		3C3B5F591AA3991100787183 /* DocoptError.swift */ = {isa = PBXFileReference; fileEncoding = 4; lastKnownFileType = sourcecode.swift; path = DocoptError.swift; sourceTree = "<group>"; };
		3C4CA2C81AA8FFA800027F0F /* arguments_example.m */ = {isa = PBXFileReference; lastKnownFileType = sourcecode.c.objc; path = arguments_example.m; sourceTree = "<group>"; };
		3C4CA2EF1AA9018000027F0F /* calculator_example */ = {isa = PBXFileReference; explicitFileType = "compiled.mach-o.executable"; includeInIndex = 0; path = calculator_example; sourceTree = BUILT_PRODUCTS_DIR; };
		3C4CA3021AA901B900027F0F /* calculator_example.m */ = {isa = PBXFileReference; fileEncoding = 4; lastKnownFileType = sourcecode.c.objc; path = calculator_example.m; sourceTree = "<group>"; };
		3C4CA30E1AA9045B00027F0F /* arguments_example */ = {isa = PBXFileReference; explicitFileType = "compiled.mach-o.executable"; includeInIndex = 0; path = arguments_example; sourceTree = BUILT_PRODUCTS_DIR; };
		3C4CA3251AA905BD00027F0F /* naval_fate */ = {isa = PBXFileReference; explicitFileType = "compiled.mach-o.executable"; includeInIndex = 0; path = naval_fate; sourceTree = BUILT_PRODUCTS_DIR; };
		3C4CA32C1AA905D700027F0F /* naval_fate.m */ = {isa = PBXFileReference; fileEncoding = 4; lastKnownFileType = sourcecode.c.objc; path = naval_fate.m; sourceTree = "<group>"; };
		3C4CA3371AA90EBD00027F0F /* calculator_example_swift */ = {isa = PBXFileReference; explicitFileType = "compiled.mach-o.executable"; includeInIndex = 0; path = calculator_example_swift; sourceTree = BUILT_PRODUCTS_DIR; };
		3C4CA3411AA910C000027F0F /* main.swift */ = {isa = PBXFileReference; fileEncoding = 4; lastKnownFileType = sourcecode.swift; path = main.swift; sourceTree = "<group>"; };
		3C55C2671AA7977500E2B5E1 /* DocoptTestCasesTests.swift */ = {isa = PBXFileReference; fileEncoding = 4; lastKnownFileType = sourcecode.swift; path = DocoptTestCasesTests.swift; sourceTree = "<group>"; };
		3CB143831AA3690100964724 /* Argument.swift */ = {isa = PBXFileReference; fileEncoding = 4; lastKnownFileType = sourcecode.swift; path = Argument.swift; sourceTree = "<group>"; };
		3CB143861AA36BF500964724 /* OptionsShortcut.swift */ = {isa = PBXFileReference; fileEncoding = 4; lastKnownFileType = sourcecode.swift; path = OptionsShortcut.swift; sourceTree = "<group>"; };
		3CB143891AA36D0900964724 /* Command.swift */ = {isa = PBXFileReference; fileEncoding = 4; lastKnownFileType = sourcecode.swift; path = Command.swift; sourceTree = "<group>"; };
		3CC416731AA22C2C008A6C8B /* Option.swift */ = {isa = PBXFileReference; fileEncoding = 4; lastKnownFileType = sourcecode.swift; path = Option.swift; sourceTree = "<group>"; };
		3CC416771AA22FE2008A6C8B /* String.swift */ = {isa = PBXFileReference; fileEncoding = 4; lastKnownFileType = sourcecode.swift; path = String.swift; sourceTree = "<group>"; };
		3CE9112E1AA1DE7D00082C0B /* Docopt.framework */ = {isa = PBXFileReference; explicitFileType = wrapper.framework; includeInIndex = 0; path = Docopt.framework; sourceTree = BUILT_PRODUCTS_DIR; };
		3CE911321AA1DE7D00082C0B /* Info.plist */ = {isa = PBXFileReference; lastKnownFileType = text.plist.xml; path = Info.plist; sourceTree = "<group>"; };
		3CE911331AA1DE7D00082C0B /* Docopt.h */ = {isa = PBXFileReference; lastKnownFileType = sourcecode.c.h; path = Docopt.h; sourceTree = "<group>"; };
		3CE911391AA1DE7E00082C0B /* DocoptTests.xctest */ = {isa = PBXFileReference; explicitFileType = wrapper.cfbundle; includeInIndex = 0; path = DocoptTests.xctest; sourceTree = BUILT_PRODUCTS_DIR; };
		3CE9113F1AA1DE7E00082C0B /* Info.plist */ = {isa = PBXFileReference; lastKnownFileType = text.plist.xml; path = Info.plist; sourceTree = "<group>"; };
		3CE911401AA1DE7E00082C0B /* DocoptTests.swift */ = {isa = PBXFileReference; lastKnownFileType = sourcecode.swift; path = DocoptTests.swift; sourceTree = "<group>"; };
		3CE9114A1AA1DEB700082C0B /* Docopt.swift */ = {isa = PBXFileReference; fileEncoding = 4; lastKnownFileType = sourcecode.swift; path = Docopt.swift; sourceTree = "<group>"; };
		3CE9114D1AA1E1F200082C0B /* DocoptTestCase.swift */ = {isa = PBXFileReference; fileEncoding = 4; lastKnownFileType = sourcecode.swift; path = DocoptTestCase.swift; sourceTree = "<group>"; };
		3CE9114F1AA1E20400082C0B /* testcases.docopt */ = {isa = PBXFileReference; fileEncoding = 4; lastKnownFileType = text; path = testcases.docopt; sourceTree = "<group>"; };
		3CE911511AA1E22400082C0B /* DocoptTestCaseParser.swift */ = {isa = PBXFileReference; fileEncoding = 4; lastKnownFileType = sourcecode.swift; path = DocoptTestCaseParser.swift; sourceTree = "<group>"; };
/* End PBXFileReference section */

/* Begin PBXFrameworksBuildPhase section */
		3C4CA2EC1AA9018000027F0F /* Frameworks */ = {
			isa = PBXFrameworksBuildPhase;
			buildActionMask = 2147483647;
			files = (
				3C4CA3071AA903CC00027F0F /* Docopt.framework in Frameworks */,
			);
			runOnlyForDeploymentPostprocessing = 0;
		};
		3C4CA30B1AA9045B00027F0F /* Frameworks */ = {
			isa = PBXFrameworksBuildPhase;
			buildActionMask = 2147483647;
			files = (
				3C4CA3201AA904BE00027F0F /* Docopt.framework in Frameworks */,
			);
			runOnlyForDeploymentPostprocessing = 0;
		};
		3C4CA3221AA905BD00027F0F /* Frameworks */ = {
			isa = PBXFrameworksBuildPhase;
			buildActionMask = 2147483647;
			files = (
				3C4CA3321AA9065300027F0F /* Docopt.framework in Frameworks */,
			);
			runOnlyForDeploymentPostprocessing = 0;
		};
		3C4CA3341AA90EBD00027F0F /* Frameworks */ = {
			isa = PBXFrameworksBuildPhase;
			buildActionMask = 2147483647;
			files = (
				3C4CA3451AA910D900027F0F /* Docopt.framework in Frameworks */,
			);
			runOnlyForDeploymentPostprocessing = 0;
		};
		3CE9112A1AA1DE7D00082C0B /* Frameworks */ = {
			isa = PBXFrameworksBuildPhase;
			buildActionMask = 2147483647;
			files = (
			);
			runOnlyForDeploymentPostprocessing = 0;
		};
		3CE911361AA1DE7E00082C0B /* Frameworks */ = {
			isa = PBXFrameworksBuildPhase;
			buildActionMask = 2147483647;
			files = (
				3CE9113A1AA1DE7E00082C0B /* Docopt.framework in Frameworks */,
			);
			runOnlyForDeploymentPostprocessing = 0;
		};
/* End PBXFrameworksBuildPhase section */

/* Begin PBXGroup section */
		20EB35D11AA5E351009815EE /* objc */ = {
			isa = PBXGroup;
			children = (
				20EB35D51AA5E3DF009815EE /* DocoptTests.h */,
				20EB35D21AA5E351009815EE /* NMBExceptionCapture.h */,
				20EB35D31AA5E351009815EE /* NMBExceptionCapture.m */,
			);
			path = objc;
			sourceTree = "<group>";
		};
		3C4CA2C31AA8FFA800027F0F /* Examples */ = {
			isa = PBXGroup;
			children = (
				3C4CA2C51AA8FFA800027F0F /* Objc */,
				3C4CA2C91AA8FFA800027F0F /* Swift */,
			);
			path = Examples;
			sourceTree = "<group>";
		};
		3C4CA2C51AA8FFA800027F0F /* Objc */ = {
			isa = PBXGroup;
			children = (
				3C4CA2C81AA8FFA800027F0F /* arguments_example.m */,
				3C4CA3021AA901B900027F0F /* calculator_example.m */,
				3C4CA32C1AA905D700027F0F /* naval_fate.m */,
			);
			path = Objc;
			sourceTree = "<group>";
		};
		3C4CA2C91AA8FFA800027F0F /* Swift */ = {
			isa = PBXGroup;
			children = (
				3C4CA3401AA910C000027F0F /* calculator_example */,
			);
			path = Swift;
			sourceTree = "<group>";
		};
		3C4CA3401AA910C000027F0F /* calculator_example */ = {
			isa = PBXGroup;
			children = (
				3C4CA3411AA910C000027F0F /* main.swift */,
			);
			path = calculator_example;
			sourceTree = "<group>";
		};
		3CC416751AA22FBD008A6C8B /* Extensions */ = {
			isa = PBXGroup;
			children = (
				3CC416771AA22FE2008A6C8B /* String.swift */,
			);
			path = Extensions;
			sourceTree = "<group>";
		};
		3CE911241AA1DE7D00082C0B = {
			isa = PBXGroup;
			children = (
				3C4CA2C31AA8FFA800027F0F /* Examples */,
				3CE911301AA1DE7D00082C0B /* docopt */,
				3CE9113D1AA1DE7E00082C0B /* docoptTests */,
				3CE9112F1AA1DE7D00082C0B /* Products */,
			);
			sourceTree = "<group>";
		};
		3CE9112F1AA1DE7D00082C0B /* Products */ = {
			isa = PBXGroup;
			children = (
				3CE9112E1AA1DE7D00082C0B /* Docopt.framework */,
				3CE911391AA1DE7E00082C0B /* DocoptTests.xctest */,
				3C4CA2EF1AA9018000027F0F /* calculator_example */,
				3C4CA30E1AA9045B00027F0F /* arguments_example */,
				3C4CA3251AA905BD00027F0F /* naval_fate */,
				3C4CA3371AA90EBD00027F0F /* calculator_example_swift */,
			);
			name = Products;
			sourceTree = "<group>";
		};
		3CE911301AA1DE7D00082C0B /* docopt */ = {
			isa = PBXGroup;
			children = (
				3CE911311AA1DE7D00082C0B /* Supporting Files */,
				3CC416751AA22FBD008A6C8B /* Extensions */,
				3CE911331AA1DE7D00082C0B /* Docopt.h */,
				3CE9114A1AA1DEB700082C0B /* Docopt.swift */,
				3CC416731AA22C2C008A6C8B /* Option.swift */,
				3C0578411AA2830E004E1D1D /* Pattern.swift */,
				3C0578431AA28404004E1D1D /* BranchPattern.swift */,
				3C0578451AA32C91004E1D1D /* Required.swift */,
				3C0578471AA32CE4004E1D1D /* Optional.swift */,
				3C05784D1AA32DF3004E1D1D /* LeafPattern.swift */,
				3C0578501AA3386F004E1D1D /* Tokens.swift */,
				3C0578531AA34D1F004E1D1D /* Either.swift */,
				3C0578561AA34F12004E1D1D /* OneOrMore.swift */,
				3CB143831AA3690100964724 /* Argument.swift */,
				3CB143861AA36BF500964724 /* OptionsShortcut.swift */,
				3CB143891AA36D0900964724 /* Command.swift */,
				3C3B5F591AA3991100787183 /* DocoptError.swift */,
			);
			path = docopt;
			sourceTree = "<group>";
		};
		3CE911311AA1DE7D00082C0B /* Supporting Files */ = {
			isa = PBXGroup;
			children = (
				3CE911321AA1DE7D00082C0B /* Info.plist */,
			);
			name = "Supporting Files";
			sourceTree = "<group>";
		};
		3CE9113D1AA1DE7E00082C0B /* docoptTests */ = {
			isa = PBXGroup;
			children = (
				20EB35D11AA5E351009815EE /* objc */,
				3CE9113E1AA1DE7E00082C0B /* Supporting Files */,
				3CE911401AA1DE7E00082C0B /* DocoptTests.swift */,
				3CE9114F1AA1E20400082C0B /* testcases.docopt */,
				3CE9114D1AA1E1F200082C0B /* DocoptTestCase.swift */,
				3CE911511AA1E22400082C0B /* DocoptTestCaseParser.swift */,
				3C55C2671AA7977500E2B5E1 /* DocoptTestCasesTests.swift */,
			);
			path = docoptTests;
			sourceTree = "<group>";
		};
		3CE9113E1AA1DE7E00082C0B /* Supporting Files */ = {
			isa = PBXGroup;
			children = (
				3CE9113F1AA1DE7E00082C0B /* Info.plist */,
			);
			name = "Supporting Files";
			sourceTree = "<group>";
		};
/* End PBXGroup section */

/* Begin PBXHeadersBuildPhase section */
		3CE9112B1AA1DE7D00082C0B /* Headers */ = {
			isa = PBXHeadersBuildPhase;
			buildActionMask = 2147483647;
			files = (
				3CE911341AA1DE7D00082C0B /* Docopt.h in Headers */,
			);
			runOnlyForDeploymentPostprocessing = 0;
		};
/* End PBXHeadersBuildPhase section */

/* Begin PBXNativeTarget section */
		3C4CA2EE1AA9018000027F0F /* calculator_example */ = {
			isa = PBXNativeTarget;
			buildConfigurationList = 3C4CA2F31AA9018000027F0F /* Build configuration list for PBXNativeTarget "calculator_example" */;
			buildPhases = (
				3C4CA2EB1AA9018000027F0F /* Sources */,
				3C4CA2EC1AA9018000027F0F /* Frameworks */,
				3C4CA2ED1AA9018000027F0F /* CopyFiles */,
			);
			buildRules = (
			);
			dependencies = (
				3C4CA3061AA903C700027F0F /* PBXTargetDependency */,
			);
			name = calculator_example;
			productName = calculator_example;
			productReference = 3C4CA2EF1AA9018000027F0F /* calculator_example */;
			productType = "com.apple.product-type.tool";
		};
		3C4CA30D1AA9045B00027F0F /* arguments_example */ = {
			isa = PBXNativeTarget;
			buildConfigurationList = 3C4CA3121AA9045B00027F0F /* Build configuration list for PBXNativeTarget "arguments_example" */;
			buildPhases = (
				3C4CA30A1AA9045B00027F0F /* Sources */,
				3C4CA30B1AA9045B00027F0F /* Frameworks */,
				3C4CA30C1AA9045B00027F0F /* CopyFiles */,
			);
			buildRules = (
			);
			dependencies = (
				3C4CA31F1AA904B900027F0F /* PBXTargetDependency */,
			);
			name = arguments_example;
			productName = arguments_example;
			productReference = 3C4CA30E1AA9045B00027F0F /* arguments_example */;
			productType = "com.apple.product-type.tool";
		};
		3C4CA3241AA905BD00027F0F /* naval_fate */ = {
			isa = PBXNativeTarget;
			buildConfigurationList = 3C4CA3291AA905BD00027F0F /* Build configuration list for PBXNativeTarget "naval_fate" */;
			buildPhases = (
				3C4CA3211AA905BD00027F0F /* Sources */,
				3C4CA3221AA905BD00027F0F /* Frameworks */,
				3C4CA3231AA905BD00027F0F /* CopyFiles */,
			);
			buildRules = (
			);
			dependencies = (
				3C4CA3311AA9065100027F0F /* PBXTargetDependency */,
			);
			name = naval_fate;
			productName = naval_fate;
			productReference = 3C4CA3251AA905BD00027F0F /* naval_fate */;
			productType = "com.apple.product-type.tool";
		};
		3C4CA3361AA90EBD00027F0F /* calculator_example_swift */ = {
			isa = PBXNativeTarget;
			buildConfigurationList = 3C4CA33B1AA90EBD00027F0F /* Build configuration list for PBXNativeTarget "calculator_example_swift" */;
			buildPhases = (
				3C4CA3331AA90EBD00027F0F /* Sources */,
				3C4CA3341AA90EBD00027F0F /* Frameworks */,
				3C4CA3351AA90EBD00027F0F /* CopyFiles */,
			);
			buildRules = (
			);
			dependencies = (
				3C4CA3441AA910D300027F0F /* PBXTargetDependency */,
			);
			name = calculator_example_swift;
			productName = calculator_example_swift;
			productReference = 3C4CA3371AA90EBD00027F0F /* calculator_example_swift */;
			productType = "com.apple.product-type.tool";
		};
		3CE9112D1AA1DE7D00082C0B /* Docopt */ = {
			isa = PBXNativeTarget;
			buildConfigurationList = 3CE911441AA1DE7E00082C0B /* Build configuration list for PBXNativeTarget "Docopt" */;
			buildPhases = (
				3CE911291AA1DE7D00082C0B /* Sources */,
				3CE9112A1AA1DE7D00082C0B /* Frameworks */,
				3CE9112B1AA1DE7D00082C0B /* Headers */,
				3CE9112C1AA1DE7D00082C0B /* Resources */,
			);
			buildRules = (
			);
			dependencies = (
			);
			name = Docopt;
			productName = docopt;
			productReference = 3CE9112E1AA1DE7D00082C0B /* Docopt.framework */;
			productType = "com.apple.product-type.framework";
		};
		3CE911381AA1DE7E00082C0B /* DocoptTests */ = {
			isa = PBXNativeTarget;
			buildConfigurationList = 3CE911471AA1DE7E00082C0B /* Build configuration list for PBXNativeTarget "DocoptTests" */;
			buildPhases = (
				3CE911351AA1DE7E00082C0B /* Sources */,
				3CE911361AA1DE7E00082C0B /* Frameworks */,
				3CE911371AA1DE7E00082C0B /* Resources */,
			);
			buildRules = (
			);
			dependencies = (
				3CE9113C1AA1DE7E00082C0B /* PBXTargetDependency */,
			);
			name = DocoptTests;
			productName = docoptTests;
			productReference = 3CE911391AA1DE7E00082C0B /* DocoptTests.xctest */;
			productType = "com.apple.product-type.bundle.unit-test";
		};
/* End PBXNativeTarget section */

/* Begin PBXProject section */
		3CE911251AA1DE7D00082C0B /* Project object */ = {
			isa = PBXProject;
			attributes = {
				LastUpgradeCheck = 0630;
				ORGANIZATIONNAME = kovpas;
				TargetAttributes = {
					3C4CA2EE1AA9018000027F0F = {
						CreatedOnToolsVersion = 6.3;
					};
					3C4CA30D1AA9045B00027F0F = {
						CreatedOnToolsVersion = 6.3;
					};
					3C4CA3161AA9047800027F0F = {
						CreatedOnToolsVersion = 6.3;
					};
					3C4CA3241AA905BD00027F0F = {
						CreatedOnToolsVersion = 6.3;
					};
					3C4CA3361AA90EBD00027F0F = {
						CreatedOnToolsVersion = 6.3;
					};
					3CE9112D1AA1DE7D00082C0B = {
						CreatedOnToolsVersion = 6.3;
					};
					3CE911381AA1DE7E00082C0B = {
						CreatedOnToolsVersion = 6.3;
					};
				};
			};
			buildConfigurationList = 3CE911281AA1DE7D00082C0B /* Build configuration list for PBXProject "docopt" */;
			compatibilityVersion = "Xcode 3.2";
			developmentRegion = English;
			hasScannedForEncodings = 0;
			knownRegions = (
				en,
			);
			mainGroup = 3CE911241AA1DE7D00082C0B;
			productRefGroup = 3CE9112F1AA1DE7D00082C0B /* Products */;
			projectDirPath = "";
			projectRoot = "";
			targets = (
				3CE9112D1AA1DE7D00082C0B /* Docopt */,
				3CE911381AA1DE7E00082C0B /* DocoptTests */,
				3C4CA3161AA9047800027F0F /* ExamplesObjc */,
				3C4CA2EE1AA9018000027F0F /* calculator_example */,
				3C4CA30D1AA9045B00027F0F /* arguments_example */,
				3C4CA3241AA905BD00027F0F /* naval_fate */,
				3C4CA3361AA90EBD00027F0F /* calculator_example_swift */,
			);
		};
/* End PBXProject section */

/* Begin PBXResourcesBuildPhase section */
		3CE9112C1AA1DE7D00082C0B /* Resources */ = {
			isa = PBXResourcesBuildPhase;
			buildActionMask = 2147483647;
			files = (
			);
			runOnlyForDeploymentPostprocessing = 0;
		};
		3CE911371AA1DE7E00082C0B /* Resources */ = {
			isa = PBXResourcesBuildPhase;
			buildActionMask = 2147483647;
			files = (
				3CE911501AA1E20400082C0B /* testcases.docopt in Resources */,
			);
			runOnlyForDeploymentPostprocessing = 0;
		};
/* End PBXResourcesBuildPhase section */

/* Begin PBXSourcesBuildPhase section */
		3C4CA2EB1AA9018000027F0F /* Sources */ = {
			isa = PBXSourcesBuildPhase;
			buildActionMask = 2147483647;
			files = (
				3C4CA3031AA901B900027F0F /* calculator_example.m in Sources */,
			);
			runOnlyForDeploymentPostprocessing = 0;
		};
		3C4CA30A1AA9045B00027F0F /* Sources */ = {
			isa = PBXSourcesBuildPhase;
			buildActionMask = 2147483647;
			files = (
				3C4CA3151AA9045F00027F0F /* arguments_example.m in Sources */,
			);
			runOnlyForDeploymentPostprocessing = 0;
		};
		3C4CA3211AA905BD00027F0F /* Sources */ = {
			isa = PBXSourcesBuildPhase;
			buildActionMask = 2147483647;
			files = (
				3C4CA32D1AA905D700027F0F /* naval_fate.m in Sources */,
			);
			runOnlyForDeploymentPostprocessing = 0;
		};
		3C4CA3331AA90EBD00027F0F /* Sources */ = {
			isa = PBXSourcesBuildPhase;
			buildActionMask = 2147483647;
			files = (
				3C4CA3421AA910C000027F0F /* main.swift in Sources */,
			);
			runOnlyForDeploymentPostprocessing = 0;
		};
		3CE911291AA1DE7D00082C0B /* Sources */ = {
			isa = PBXSourcesBuildPhase;
			buildActionMask = 2147483647;
			files = (
				3C0578461AA32C91004E1D1D /* Required.swift in Sources */,
				3C0578441AA28404004E1D1D /* BranchPattern.swift in Sources */,
				3C0578571AA34F12004E1D1D /* OneOrMore.swift in Sources */,
				3CB143871AA36BF500964724 /* OptionsShortcut.swift in Sources */,
				3C05784E1AA32DF3004E1D1D /* LeafPattern.swift in Sources */,
				3CB143841AA3690100964724 /* Argument.swift in Sources */,
				3CC416781AA22FE2008A6C8B /* String.swift in Sources */,
				3C0578541AA34D1F004E1D1D /* Either.swift in Sources */,
				3C0578481AA32CE4004E1D1D /* Optional.swift in Sources */,
				3CC416741AA22C2C008A6C8B /* Option.swift in Sources */,
				3C0578421AA2830E004E1D1D /* Pattern.swift in Sources */,
				3CB1438A1AA36D0900964724 /* Command.swift in Sources */,
				3CE9114B1AA1DEB700082C0B /* Docopt.swift in Sources */,
				3C0578511AA3386F004E1D1D /* Tokens.swift in Sources */,
				3C3B5F5A1AA3991100787183 /* DocoptError.swift in Sources */,
			);
			runOnlyForDeploymentPostprocessing = 0;
		};
		3CE911351AA1DE7E00082C0B /* Sources */ = {
			isa = PBXSourcesBuildPhase;
			buildActionMask = 2147483647;
			files = (
				3CB1438B1AA36D2000964724 /* Command.swift in Sources */,
				3C0578581AA3529B004E1D1D /* OneOrMore.swift in Sources */,
				3CC416791AA22FE2008A6C8B /* String.swift in Sources */,
				3CE9114C1AA1DEB700082C0B /* Docopt.swift in Sources */,
				3C55C2681AA7977500E2B5E1 /* DocoptTestCasesTests.swift in Sources */,
				3CE9114E1AA1E1F200082C0B /* DocoptTestCase.swift in Sources */,
				3C05784B1AA32D3C004E1D1D /* BranchPattern.swift in Sources */,
				3C05784F1AA32DF7004E1D1D /* LeafPattern.swift in Sources */,
				3CC416761AA22FC3008A6C8B /* Option.swift in Sources */,
				20EB35D41AA5E351009815EE /* NMBExceptionCapture.m in Sources */,
				3CE911411AA1DE7E00082C0B /* DocoptTests.swift in Sources */,
				3CB143881AA36C6400964724 /* OptionsShortcut.swift in Sources */,
				3C05784C1AA32D3E004E1D1D /* Pattern.swift in Sources */,
				3CE911521AA1E22400082C0B /* DocoptTestCaseParser.swift in Sources */,
				3C0578551AA34D62004E1D1D /* Either.swift in Sources */,
				3C0578491AA32D38004E1D1D /* Required.swift in Sources */,
				3C05784A1AA32D3A004E1D1D /* Optional.swift in Sources */,
				3CB143851AA3696500964724 /* Argument.swift in Sources */,
				3C0578521AA33DD4004E1D1D /* Tokens.swift in Sources */,
				3C3B5F5B1AA39B9D00787183 /* DocoptError.swift in Sources */,
			);
			runOnlyForDeploymentPostprocessing = 0;
		};
/* End PBXSourcesBuildPhase section */

/* Begin PBXTargetDependency section */
		3C4CA3061AA903C700027F0F /* PBXTargetDependency */ = {
			isa = PBXTargetDependency;
			target = 3CE9112D1AA1DE7D00082C0B /* Docopt */;
			targetProxy = 3C4CA3051AA903C700027F0F /* PBXContainerItemProxy */;
		};
		3C4CA31B1AA9047B00027F0F /* PBXTargetDependency */ = {
			isa = PBXTargetDependency;
			target = 3C4CA2EE1AA9018000027F0F /* calculator_example */;
			targetProxy = 3C4CA31A1AA9047B00027F0F /* PBXContainerItemProxy */;
		};
		3C4CA31D1AA9047C00027F0F /* PBXTargetDependency */ = {
			isa = PBXTargetDependency;
			target = 3C4CA30D1AA9045B00027F0F /* arguments_example */;
			targetProxy = 3C4CA31C1AA9047C00027F0F /* PBXContainerItemProxy */;
		};
		3C4CA31F1AA904B900027F0F /* PBXTargetDependency */ = {
			isa = PBXTargetDependency;
			target = 3CE9112D1AA1DE7D00082C0B /* Docopt */;
			targetProxy = 3C4CA31E1AA904B900027F0F /* PBXContainerItemProxy */;
		};
		3C4CA32F1AA9062F00027F0F /* PBXTargetDependency */ = {
			isa = PBXTargetDependency;
			target = 3C4CA3241AA905BD00027F0F /* naval_fate */;
			targetProxy = 3C4CA32E1AA9062F00027F0F /* PBXContainerItemProxy */;
		};
		3C4CA3311AA9065100027F0F /* PBXTargetDependency */ = {
			isa = PBXTargetDependency;
			target = 3CE9112D1AA1DE7D00082C0B /* Docopt */;
			targetProxy = 3C4CA3301AA9065100027F0F /* PBXContainerItemProxy */;
		};
		3C4CA3441AA910D300027F0F /* PBXTargetDependency */ = {
			isa = PBXTargetDependency;
			target = 3CE9112D1AA1DE7D00082C0B /* Docopt */;
			targetProxy = 3C4CA3431AA910D300027F0F /* PBXContainerItemProxy */;
		};
		3CE9113C1AA1DE7E00082C0B /* PBXTargetDependency */ = {
			isa = PBXTargetDependency;
			target = 3CE9112D1AA1DE7D00082C0B /* Docopt */;
			targetProxy = 3CE9113B1AA1DE7E00082C0B /* PBXContainerItemProxy */;
		};
/* End PBXTargetDependency section */

/* Begin XCBuildConfiguration section */
		3C4CA2F41AA9018000027F0F /* Debug */ = {
			isa = XCBuildConfiguration;
			buildSettings = {
				GCC_PREPROCESSOR_DEFINITIONS = (
					"DEBUG=1",
					"$(inherited)",
				);
				LD_RUNPATH_SEARCH_PATHS = .;
				PRODUCT_NAME = "$(TARGET_NAME)";
			};
			name = Debug;
		};
		3C4CA2F51AA9018000027F0F /* Release */ = {
			isa = XCBuildConfiguration;
			buildSettings = {
				DEBUG_INFORMATION_FORMAT = dwarf;
				LD_RUNPATH_SEARCH_PATHS = .;
				PRODUCT_NAME = "$(TARGET_NAME)";
			};
			name = Release;
		};
		3C4CA3131AA9045B00027F0F /* Debug */ = {
			isa = XCBuildConfiguration;
			buildSettings = {
				GCC_PREPROCESSOR_DEFINITIONS = (
					"DEBUG=1",
					"$(inherited)",
				);
				LD_RUNPATH_SEARCH_PATHS = .;
				MACOSX_DEPLOYMENT_TARGET = 10.10;
				PRODUCT_NAME = "$(TARGET_NAME)";
			};
			name = Debug;
		};
		3C4CA3141AA9045B00027F0F /* Release */ = {
			isa = XCBuildConfiguration;
			buildSettings = {
				DEBUG_INFORMATION_FORMAT = dwarf;
				LD_RUNPATH_SEARCH_PATHS = .;
				MACOSX_DEPLOYMENT_TARGET = 10.10;
				PRODUCT_NAME = "$(TARGET_NAME)";
			};
			name = Release;
		};
		3C4CA3181AA9047800027F0F /* Debug */ = {
			isa = XCBuildConfiguration;
			buildSettings = {
				PRODUCT_NAME = "$(TARGET_NAME)";
			};
			name = Debug;
		};
		3C4CA3191AA9047800027F0F /* Release */ = {
			isa = XCBuildConfiguration;
			buildSettings = {
				PRODUCT_NAME = "$(TARGET_NAME)";
			};
			name = Release;
		};
		3C4CA32A1AA905BD00027F0F /* Debug */ = {
			isa = XCBuildConfiguration;
			buildSettings = {
				GCC_PREPROCESSOR_DEFINITIONS = (
					"DEBUG=1",
					"$(inherited)",
				);
				LD_RUNPATH_SEARCH_PATHS = .;
				MACOSX_DEPLOYMENT_TARGET = 10.10;
				PRODUCT_NAME = "$(TARGET_NAME)";
			};
			name = Debug;
		};
		3C4CA32B1AA905BD00027F0F /* Release */ = {
			isa = XCBuildConfiguration;
			buildSettings = {
				DEBUG_INFORMATION_FORMAT = dwarf;
				LD_RUNPATH_SEARCH_PATHS = .;
				MACOSX_DEPLOYMENT_TARGET = 10.10;
				PRODUCT_NAME = "$(TARGET_NAME)";
			};
			name = Release;
		};
		3C4CA33C1AA90EBD00027F0F /* Debug */ = {
			isa = XCBuildConfiguration;
			buildSettings = {
				CLANG_ENABLE_MODULES = YES;
				GCC_PREPROCESSOR_DEFINITIONS = (
					"DEBUG=1",
					"$(inherited)",
				);
				LD_RUNPATH_SEARCH_PATHS = "@executable_path";
				MACOSX_DEPLOYMENT_TARGET = 10.10;
				PRODUCT_NAME = "$(TARGET_NAME)";
				SWIFT_OPTIMIZATION_LEVEL = "-Onone";
			};
			name = Debug;
		};
		3C4CA33D1AA90EBD00027F0F /* Release */ = {
			isa = XCBuildConfiguration;
			buildSettings = {
				CLANG_ENABLE_MODULES = YES;
				DEBUG_INFORMATION_FORMAT = "dwarf-with-dsym";
				LD_RUNPATH_SEARCH_PATHS = "@executable_path";
				MACOSX_DEPLOYMENT_TARGET = 10.10;
				PRODUCT_NAME = "$(TARGET_NAME)";
			};
			name = Release;
		};
		3CE911421AA1DE7E00082C0B /* Debug */ = {
			isa = XCBuildConfiguration;
			buildSettings = {
				ALWAYS_SEARCH_USER_PATHS = NO;
				CLANG_CXX_LANGUAGE_STANDARD = "gnu++0x";
				CLANG_CXX_LIBRARY = "libc++";
				CLANG_ENABLE_MODULES = YES;
				CLANG_ENABLE_OBJC_ARC = YES;
				CLANG_WARN_BOOL_CONVERSION = YES;
				CLANG_WARN_CONSTANT_CONVERSION = YES;
				CLANG_WARN_DIRECT_OBJC_ISA_USAGE = YES_ERROR;
				CLANG_WARN_EMPTY_BODY = YES;
				CLANG_WARN_ENUM_CONVERSION = YES;
				CLANG_WARN_INT_CONVERSION = YES;
				CLANG_WARN_OBJC_ROOT_CLASS = YES_ERROR;
				CLANG_WARN_UNREACHABLE_CODE = YES;
				CLANG_WARN__DUPLICATE_METHOD_MATCH = YES;
				COPY_PHASE_STRIP = NO;
				CURRENT_PROJECT_VERSION = 1;
				DEBUG_INFORMATION_FORMAT = dwarf;
				ENABLE_STRICT_OBJC_MSGSEND = YES;
				GCC_C_LANGUAGE_STANDARD = gnu99;
				GCC_DYNAMIC_NO_PIC = NO;
				GCC_NO_COMMON_BLOCKS = YES;
				GCC_OPTIMIZATION_LEVEL = 0;
				GCC_PREPROCESSOR_DEFINITIONS = (
					"DEBUG=1",
					"$(inherited)",
				);
				GCC_WARN_64_TO_32_BIT_CONVERSION = YES;
				GCC_WARN_ABOUT_RETURN_TYPE = YES_ERROR;
				GCC_WARN_UNDECLARED_SELECTOR = YES;
				GCC_WARN_UNINITIALIZED_AUTOS = YES_AGGRESSIVE;
				GCC_WARN_UNUSED_FUNCTION = YES;
				GCC_WARN_UNUSED_VARIABLE = YES;
				MTL_ENABLE_DEBUG_INFO = YES;
				ONLY_ACTIVE_ARCH = YES;
				SDKROOT = macosx;
				SWIFT_OPTIMIZATION_LEVEL = "-Onone";
				VERSIONING_SYSTEM = "apple-generic";
				VERSION_INFO_PREFIX = "";
			};
			name = Debug;
		};
		3CE911431AA1DE7E00082C0B /* Release */ = {
			isa = XCBuildConfiguration;
			buildSettings = {
				ALWAYS_SEARCH_USER_PATHS = NO;
				CLANG_CXX_LANGUAGE_STANDARD = "gnu++0x";
				CLANG_CXX_LIBRARY = "libc++";
				CLANG_ENABLE_MODULES = YES;
				CLANG_ENABLE_OBJC_ARC = YES;
				CLANG_WARN_BOOL_CONVERSION = YES;
				CLANG_WARN_CONSTANT_CONVERSION = YES;
				CLANG_WARN_DIRECT_OBJC_ISA_USAGE = YES_ERROR;
				CLANG_WARN_EMPTY_BODY = YES;
				CLANG_WARN_ENUM_CONVERSION = YES;
				CLANG_WARN_INT_CONVERSION = YES;
				CLANG_WARN_OBJC_ROOT_CLASS = YES_ERROR;
				CLANG_WARN_UNREACHABLE_CODE = YES;
				CLANG_WARN__DUPLICATE_METHOD_MATCH = YES;
				COPY_PHASE_STRIP = NO;
				CURRENT_PROJECT_VERSION = 1;
				DEBUG_INFORMATION_FORMAT = dwarf;
				ENABLE_NS_ASSERTIONS = NO;
				ENABLE_STRICT_OBJC_MSGSEND = YES;
				GCC_C_LANGUAGE_STANDARD = gnu99;
				GCC_NO_COMMON_BLOCKS = YES;
				GCC_WARN_64_TO_32_BIT_CONVERSION = YES;
				GCC_WARN_ABOUT_RETURN_TYPE = YES_ERROR;
				GCC_WARN_UNDECLARED_SELECTOR = YES;
				GCC_WARN_UNINITIALIZED_AUTOS = YES_AGGRESSIVE;
				GCC_WARN_UNUSED_FUNCTION = YES;
				GCC_WARN_UNUSED_VARIABLE = YES;
				MTL_ENABLE_DEBUG_INFO = NO;
				SDKROOT = macosx;
				VERSIONING_SYSTEM = "apple-generic";
				VERSION_INFO_PREFIX = "";
			};
			name = Release;
		};
		3CE911451AA1DE7E00082C0B /* Debug */ = {
			isa = XCBuildConfiguration;
			buildSettings = {
				CLANG_ENABLE_MODULES = YES;
				COMBINE_HIDPI_IMAGES = YES;
				DEFINES_MODULE = YES;
				DYLIB_COMPATIBILITY_VERSION = 1;
				DYLIB_CURRENT_VERSION = 1;
				DYLIB_INSTALL_NAME_BASE = "@rpath";
				EMBEDDED_CONTENT_CONTAINS_SWIFT = YES;
				FRAMEWORK_VERSION = A;
				INFOPLIST_FILE = docopt/Info.plist;
				INSTALL_PATH = "$(LOCAL_LIBRARY_DIR)/Frameworks";
				LD_RUNPATH_SEARCH_PATHS = "$(inherited) @loader_path/Frameworks";
				PRODUCT_NAME = "$(TARGET_NAME)";
				SKIP_INSTALL = YES;
				SWIFT_OPTIMIZATION_LEVEL = "-Onone";
			};
			name = Debug;
		};
		3CE911461AA1DE7E00082C0B /* Release */ = {
			isa = XCBuildConfiguration;
			buildSettings = {
				CLANG_ENABLE_MODULES = YES;
				COMBINE_HIDPI_IMAGES = YES;
				DEFINES_MODULE = YES;
				DYLIB_COMPATIBILITY_VERSION = 1;
				DYLIB_CURRENT_VERSION = 1;
				DYLIB_INSTALL_NAME_BASE = "@rpath";
				EMBEDDED_CONTENT_CONTAINS_SWIFT = YES;
				FRAMEWORK_VERSION = A;
				INFOPLIST_FILE = docopt/Info.plist;
				INSTALL_PATH = "$(LOCAL_LIBRARY_DIR)/Frameworks";
				LD_RUNPATH_SEARCH_PATHS = "$(inherited) @loader_path/Frameworks";
				PRODUCT_NAME = "$(TARGET_NAME)";
				SKIP_INSTALL = YES;
			};
			name = Release;
		};
		3CE911481AA1DE7E00082C0B /* Debug */ = {
			isa = XCBuildConfiguration;
			buildSettings = {
				COMBINE_HIDPI_IMAGES = YES;
				FRAMEWORK_SEARCH_PATHS = (
					"$(DEVELOPER_FRAMEWORKS_DIR)",
					"$(inherited)",
				);
				GCC_PREPROCESSOR_DEFINITIONS = (
					"DEBUG=1",
					"$(inherited)",
				);
				INFOPLIST_FILE = docoptTests/Info.plist;
				LD_RUNPATH_SEARCH_PATHS = "$(inherited) @executable_path/../Frameworks @loader_path/../Frameworks";
				PRODUCT_NAME = "$(TARGET_NAME)";
				SWIFT_OBJC_BRIDGING_HEADER = docoptTests/docoptTests.h;
			};
			name = Debug;
		};
		3CE911491AA1DE7E00082C0B /* Release */ = {
			isa = XCBuildConfiguration;
			buildSettings = {
				COMBINE_HIDPI_IMAGES = YES;
				FRAMEWORK_SEARCH_PATHS = (
					"$(DEVELOPER_FRAMEWORKS_DIR)",
					"$(inherited)",
				);
				INFOPLIST_FILE = docoptTests/Info.plist;
				LD_RUNPATH_SEARCH_PATHS = "$(inherited) @executable_path/../Frameworks @loader_path/../Frameworks";
				PRODUCT_NAME = "$(TARGET_NAME)";
				SWIFT_OBJC_BRIDGING_HEADER = docoptTests/docoptTests.h;
			};
			name = Release;
		};
/* End XCBuildConfiguration section */

/* Begin XCConfigurationList section */
		3C4CA2F31AA9018000027F0F /* Build configuration list for PBXNativeTarget "calculator_example" */ = {
			isa = XCConfigurationList;
			buildConfigurations = (
				3C4CA2F41AA9018000027F0F /* Debug */,
				3C4CA2F51AA9018000027F0F /* Release */,
			);
			defaultConfigurationIsVisible = 0;
		};
		3C4CA3121AA9045B00027F0F /* Build configuration list for PBXNativeTarget "arguments_example" */ = {
			isa = XCConfigurationList;
			buildConfigurations = (
				3C4CA3131AA9045B00027F0F /* Debug */,
				3C4CA3141AA9045B00027F0F /* Release */,
			);
			defaultConfigurationIsVisible = 0;
		};
		3C4CA3171AA9047800027F0F /* Build configuration list for PBXAggregateTarget "ExamplesObjc" */ = {
			isa = XCConfigurationList;
			buildConfigurations = (
				3C4CA3181AA9047800027F0F /* Debug */,
				3C4CA3191AA9047800027F0F /* Release */,
			);
			defaultConfigurationIsVisible = 0;
		};
		3C4CA3291AA905BD00027F0F /* Build configuration list for PBXNativeTarget "naval_fate" */ = {
			isa = XCConfigurationList;
			buildConfigurations = (
				3C4CA32A1AA905BD00027F0F /* Debug */,
				3C4CA32B1AA905BD00027F0F /* Release */,
			);
			defaultConfigurationIsVisible = 0;
		};
		3C4CA33B1AA90EBD00027F0F /* Build configuration list for PBXNativeTarget "calculator_example_swift" */ = {
			isa = XCConfigurationList;
			buildConfigurations = (
				3C4CA33C1AA90EBD00027F0F /* Debug */,
				3C4CA33D1AA90EBD00027F0F /* Release */,
			);
			defaultConfigurationIsVisible = 0;
		};
		3CE911281AA1DE7D00082C0B /* Build configuration list for PBXProject "docopt" */ = {
			isa = XCConfigurationList;
			buildConfigurations = (
				3CE911421AA1DE7E00082C0B /* Debug */,
				3CE911431AA1DE7E00082C0B /* Release */,
			);
			defaultConfigurationIsVisible = 0;
			defaultConfigurationName = Release;
		};
		3CE911441AA1DE7E00082C0B /* Build configuration list for PBXNativeTarget "Docopt" */ = {
			isa = XCConfigurationList;
			buildConfigurations = (
				3CE911451AA1DE7E00082C0B /* Debug */,
				3CE911461AA1DE7E00082C0B /* Release */,
			);
			defaultConfigurationIsVisible = 0;
			defaultConfigurationName = Release;
		};
		3CE911471AA1DE7E00082C0B /* Build configuration list for PBXNativeTarget "DocoptTests" */ = {
			isa = XCConfigurationList;
			buildConfigurations = (
				3CE911481AA1DE7E00082C0B /* Debug */,
				3CE911491AA1DE7E00082C0B /* Release */,
			);
			defaultConfigurationIsVisible = 0;
			defaultConfigurationName = Release;
		};
/* End XCConfigurationList section */
	};
	rootObject = 3CE911251AA1DE7D00082C0B /* Project object */;
}
