// !$*UTF8*$!
{
	archiveVersion = 1;
	classes = {
	};
	objectVersion = 48;
	objects = {

/* Begin PBXBuildFile section */
		3C29E45B1AAE381200B75022 /* main.swift in Sources */ = {isa = PBXBuildFile; fileRef = 3C29E44E1AAE370000B75022 /* main.swift */; };
		3C29E4771AAE396800B75022 /* main.swift in Sources */ = {isa = PBXBuildFile; fileRef = 3C29E4761AAE396800B75022 /* main.swift */; };
		3C4CA3031AA901B900027F0F /* calculator_example.m in Sources */ = {isa = PBXBuildFile; fileRef = 3C4CA3021AA901B900027F0F /* calculator_example.m */; };
		3C4CA3151AA9045F00027F0F /* arguments_example.m in Sources */ = {isa = PBXBuildFile; fileRef = 3C4CA2C81AA8FFA800027F0F /* arguments_example.m */; };
		3C4CA3201AA904BE00027F0F /* Docopt.framework in Frameworks */ = {isa = PBXBuildFile; fileRef = 3CE9112E1AA1DE7D00082C0B /* Docopt.framework */; };
		3C4CA32D1AA905D700027F0F /* naval_fate.m in Sources */ = {isa = PBXBuildFile; fileRef = 3C4CA32C1AA905D700027F0F /* naval_fate.m */; };
		3C4CA3321AA9065300027F0F /* Docopt.framework in Frameworks */ = {isa = PBXBuildFile; fileRef = 3CE9112E1AA1DE7D00082C0B /* Docopt.framework */; };
		3C4CA3421AA910C000027F0F /* main.swift in Sources */ = {isa = PBXBuildFile; fileRef = 3C4CA3411AA910C000027F0F /* main.swift */; };
		3C4CA3661AA98BA900027F0F /* Docopt.framework in Frameworks */ = {isa = PBXBuildFile; fileRef = 3CE9112E1AA1DE7D00082C0B /* Docopt.framework */; };
		3C4CA3671AA98BB100027F0F /* Docopt.framework in CopyFiles */ = {isa = PBXBuildFile; fileRef = 3CE9112E1AA1DE7D00082C0B /* Docopt.framework */; };
		3C59004E1C6E7497001E335F /* Argument.swift in Sources */ = {isa = PBXBuildFile; fileRef = 3C59003C1C6E7497001E335F /* Argument.swift */; };
		3C59004F1C6E7497001E335F /* BranchPattern.swift in Sources */ = {isa = PBXBuildFile; fileRef = 3C59003D1C6E7497001E335F /* BranchPattern.swift */; };
		3C5900501C6E7497001E335F /* Command.swift in Sources */ = {isa = PBXBuildFile; fileRef = 3C59003E1C6E7497001E335F /* Command.swift */; };
		3C5900511C6E7497001E335F /* Docopt.h in Headers */ = {isa = PBXBuildFile; fileRef = 3C59003F1C6E7497001E335F /* Docopt.h */; settings = {ATTRIBUTES = (Public, ); }; };
		3C5900521C6E7497001E335F /* Docopt.swift in Sources */ = {isa = PBXBuildFile; fileRef = 3C5900401C6E7497001E335F /* Docopt.swift */; };
		3C5900531C6E7497001E335F /* DocoptError.swift in Sources */ = {isa = PBXBuildFile; fileRef = 3C5900411C6E7497001E335F /* DocoptError.swift */; };
		3C5900541C6E7497001E335F /* Either.swift in Sources */ = {isa = PBXBuildFile; fileRef = 3C5900421C6E7497001E335F /* Either.swift */; };
		3C5900571C6E7497001E335F /* LeafPattern.swift in Sources */ = {isa = PBXBuildFile; fileRef = 3C5900461C6E7497001E335F /* LeafPattern.swift */; };
		3C5900581C6E7497001E335F /* OneOrMore.swift in Sources */ = {isa = PBXBuildFile; fileRef = 3C5900471C6E7497001E335F /* OneOrMore.swift */; };
		3C5900591C6E7497001E335F /* Option.swift in Sources */ = {isa = PBXBuildFile; fileRef = 3C5900481C6E7497001E335F /* Option.swift */; };
		3C59005A1C6E7497001E335F /* Optional.swift in Sources */ = {isa = PBXBuildFile; fileRef = 3C5900491C6E7497001E335F /* Optional.swift */; };
		3C59005B1C6E7497001E335F /* OptionsShortcut.swift in Sources */ = {isa = PBXBuildFile; fileRef = 3C59004A1C6E7497001E335F /* OptionsShortcut.swift */; };
		3C59005C1C6E7497001E335F /* Pattern.swift in Sources */ = {isa = PBXBuildFile; fileRef = 3C59004B1C6E7497001E335F /* Pattern.swift */; };
		3C59005D1C6E7497001E335F /* Required.swift in Sources */ = {isa = PBXBuildFile; fileRef = 3C59004C1C6E7497001E335F /* Required.swift */; };
		3C59005E1C6E7497001E335F /* Tokens.swift in Sources */ = {isa = PBXBuildFile; fileRef = 3C59004D1C6E7497001E335F /* Tokens.swift */; };
		3C59007B1C6E7F52001E335F /* String.swift in Sources */ = {isa = PBXBuildFile; fileRef = 3C59007A1C6E7F52001E335F /* String.swift */; };
		3C59007C1C6E7F7F001E335F /* Docopt.framework in Frameworks */ = {isa = PBXBuildFile; fileRef = 3CE9112E1AA1DE7D00082C0B /* Docopt.framework */; };
		3C59007D1C6E7F9E001E335F /* Docopt.framework in Frameworks */ = {isa = PBXBuildFile; fileRef = 3CE9112E1AA1DE7D00082C0B /* Docopt.framework */; };
		3C59007E1C6E7F9E001E335F /* Docopt.framework in Frameworks */ = {isa = PBXBuildFile; fileRef = 3CE9112E1AA1DE7D00082C0B /* Docopt.framework */; };
		3C772F021FA90DC2004AF468 /* DocoptTestCase.swift in Sources */ = {isa = PBXBuildFile; fileRef = 3C772EF81FA90DC2004AF468 /* DocoptTestCase.swift */; };
		3C772F031FA90DC2004AF468 /* DocoptTestCaseParser.swift in Sources */ = {isa = PBXBuildFile; fileRef = 3C772EF91FA90DC2004AF468 /* DocoptTestCaseParser.swift */; };
		3C772F041FA90DC2004AF468 /* DocoptTestCasesTests.swift in Sources */ = {isa = PBXBuildFile; fileRef = 3C772EFA1FA90DC2004AF468 /* DocoptTestCasesTests.swift */; };
		3C772F051FA90DC2004AF468 /* DocoptTests.swift in Sources */ = {isa = PBXBuildFile; fileRef = 3C772EFC1FA90DC2004AF468 /* DocoptTests.swift */; };
		3C772F081FA90DC2004AF468 /* testcases.docopt in Resources */ = {isa = PBXBuildFile; fileRef = 3C772F011FA90DC2004AF468 /* testcases.docopt */; };
		3CE9113A1AA1DE7E00082C0B /* Docopt.framework in Frameworks */ = {isa = PBXBuildFile; fileRef = 3CE9112E1AA1DE7D00082C0B /* Docopt.framework */; };
/* End PBXBuildFile section */

/* Begin PBXContainerItemProxy section */
		3C4CA31E1AA904B900027F0F /* PBXContainerItemProxy */ = {
			isa = PBXContainerItemProxy;
			containerPortal = 3CE911251AA1DE7D00082C0B /* Project object */;
			proxyType = 1;
			remoteGlobalIDString = 3CE9112D1AA1DE7D00082C0B;
			remoteInfo = Docopt;
		};
		3C4CA3301AA9065100027F0F /* PBXContainerItemProxy */ = {
			isa = PBXContainerItemProxy;
			containerPortal = 3CE911251AA1DE7D00082C0B /* Project object */;
			proxyType = 1;
			remoteGlobalIDString = 3CE9112D1AA1DE7D00082C0B;
			remoteInfo = Docopt;
		};
		3C4CA3641AA98BA600027F0F /* PBXContainerItemProxy */ = {
			isa = PBXContainerItemProxy;
			containerPortal = 3CE911251AA1DE7D00082C0B /* Project object */;
			proxyType = 1;
			remoteGlobalIDString = 3CE9112D1AA1DE7D00082C0B;
			remoteInfo = Docopt;
		};
		3CE9113B1AA1DE7E00082C0B /* PBXContainerItemProxy */ = {
			isa = PBXContainerItemProxy;
			containerPortal = 3CE911251AA1DE7D00082C0B /* Project object */;
			proxyType = 1;
			remoteGlobalIDString = 3CE9112D1AA1DE7D00082C0B;
			remoteInfo = docopt;
		};
		6A85674A1EF01F19001F7250 /* PBXContainerItemProxy */ = {
			isa = PBXContainerItemProxy;
			containerPortal = 3CE911251AA1DE7D00082C0B /* Project object */;
			proxyType = 1;
			remoteGlobalIDString = 3CE9112D1AA1DE7D00082C0B;
			remoteInfo = Docopt;
		};
		6A85674C1EF01F33001F7250 /* PBXContainerItemProxy */ = {
			isa = PBXContainerItemProxy;
			containerPortal = 3CE911251AA1DE7D00082C0B /* Project object */;
			proxyType = 1;
			remoteGlobalIDString = 3CE9112D1AA1DE7D00082C0B;
			remoteInfo = Docopt;
		};
		6AE08CDC1EEA0AAA00C3E66B /* PBXContainerItemProxy */ = {
			isa = PBXContainerItemProxy;
			containerPortal = 3CE911251AA1DE7D00082C0B /* Project object */;
			proxyType = 1;
			remoteGlobalIDString = 3CE9112D1AA1DE7D00082C0B;
			remoteInfo = Docopt;
		};
/* End PBXContainerItemProxy section */

/* Begin PBXCopyFilesBuildPhase section */
		3C29E4521AAE380500B75022 /* CopyFiles */ = {
			isa = PBXCopyFilesBuildPhase;
			buildActionMask = 2147483647;
			dstPath = /usr/share/man/man1/;
			dstSubfolderSpec = 0;
			files = (
			);
			runOnlyForDeploymentPostprocessing = 1;
		};
		3C29E46D1AAE394F00B75022 /* CopyFiles */ = {
			isa = PBXCopyFilesBuildPhase;
			buildActionMask = 2147483647;
			dstPath = /usr/share/man/man1/;
			dstSubfolderSpec = 0;
			files = (
			);
			runOnlyForDeploymentPostprocessing = 1;
		};
		3C4CA2ED1AA9018000027F0F /* CopyFiles */ = {
			isa = PBXCopyFilesBuildPhase;
			buildActionMask = 8;
			dstPath = "";
			dstSubfolderSpec = 16;
			files = (
				3C4CA3671AA98BB100027F0F /* Docopt.framework in CopyFiles */,
			);
			runOnlyForDeploymentPostprocessing = 1;
		};
		3C4CA30C1AA9045B00027F0F /* CopyFiles */ = {
			isa = PBXCopyFilesBuildPhase;
			buildActionMask = 2147483647;
			dstPath = /usr/share/man/man1/;
			dstSubfolderSpec = 0;
			files = (
			);
			runOnlyForDeploymentPostprocessing = 1;
		};
		3C4CA3231AA905BD00027F0F /* CopyFiles */ = {
			isa = PBXCopyFilesBuildPhase;
			buildActionMask = 2147483647;
			dstPath = /usr/share/man/man1/;
			dstSubfolderSpec = 0;
			files = (
			);
			runOnlyForDeploymentPostprocessing = 1;
		};
		3C4CA3351AA90EBD00027F0F /* CopyFiles */ = {
			isa = PBXCopyFilesBuildPhase;
			buildActionMask = 2147483647;
			dstPath = /usr/share/man/man1/;
			dstSubfolderSpec = 0;
			files = (
			);
			runOnlyForDeploymentPostprocessing = 1;
		};
/* End PBXCopyFilesBuildPhase section */

/* Begin PBXFileReference section */
		3C29E44E1AAE370000B75022 /* main.swift */ = {isa = PBXFileReference; fileEncoding = 4; lastKnownFileType = sourcecode.swift; path = main.swift; sourceTree = "<group>"; };
		3C29E4541AAE380500B75022 /* arguments_example_swift */ = {isa = PBXFileReference; explicitFileType = "compiled.mach-o.executable"; includeInIndex = 0; path = arguments_example_swift; sourceTree = BUILT_PRODUCTS_DIR; };
		3C29E46F1AAE394F00B75022 /* naval_fate_swift */ = {isa = PBXFileReference; explicitFileType = "compiled.mach-o.executable"; includeInIndex = 0; path = naval_fate_swift; sourceTree = BUILT_PRODUCTS_DIR; };
		3C29E4761AAE396800B75022 /* main.swift */ = {isa = PBXFileReference; fileEncoding = 4; lastKnownFileType = sourcecode.swift; path = main.swift; sourceTree = "<group>"; };
		3C4CA2C81AA8FFA800027F0F /* arguments_example.m */ = {isa = PBXFileReference; lastKnownFileType = sourcecode.c.objc; path = arguments_example.m; sourceTree = "<group>"; };
		3C4CA2EF1AA9018000027F0F /* calculator_example */ = {isa = PBXFileReference; explicitFileType = "compiled.mach-o.executable"; includeInIndex = 0; path = calculator_example; sourceTree = BUILT_PRODUCTS_DIR; };
		3C4CA3021AA901B900027F0F /* calculator_example.m */ = {isa = PBXFileReference; fileEncoding = 4; lastKnownFileType = sourcecode.c.objc; path = calculator_example.m; sourceTree = "<group>"; };
		3C4CA30E1AA9045B00027F0F /* arguments_example */ = {isa = PBXFileReference; explicitFileType = "compiled.mach-o.executable"; includeInIndex = 0; path = arguments_example; sourceTree = BUILT_PRODUCTS_DIR; };
		3C4CA3251AA905BD00027F0F /* naval_fate */ = {isa = PBXFileReference; explicitFileType = "compiled.mach-o.executable"; includeInIndex = 0; path = naval_fate; sourceTree = BUILT_PRODUCTS_DIR; };
		3C4CA32C1AA905D700027F0F /* naval_fate.m */ = {isa = PBXFileReference; fileEncoding = 4; lastKnownFileType = sourcecode.c.objc; path = naval_fate.m; sourceTree = "<group>"; };
		3C4CA3371AA90EBD00027F0F /* calculator_example_swift */ = {isa = PBXFileReference; explicitFileType = "compiled.mach-o.executable"; includeInIndex = 0; path = calculator_example_swift; sourceTree = BUILT_PRODUCTS_DIR; };
		3C4CA3411AA910C000027F0F /* main.swift */ = {isa = PBXFileReference; fileEncoding = 4; lastKnownFileType = sourcecode.swift; path = main.swift; sourceTree = "<group>"; };
		3C59003C1C6E7497001E335F /* Argument.swift */ = {isa = PBXFileReference; fileEncoding = 4; lastKnownFileType = sourcecode.swift; path = Argument.swift; sourceTree = "<group>"; };
		3C59003D1C6E7497001E335F /* BranchPattern.swift */ = {isa = PBXFileReference; fileEncoding = 4; lastKnownFileType = sourcecode.swift; path = BranchPattern.swift; sourceTree = "<group>"; };
		3C59003E1C6E7497001E335F /* Command.swift */ = {isa = PBXFileReference; fileEncoding = 4; lastKnownFileType = sourcecode.swift; path = Command.swift; sourceTree = "<group>"; };
		3C59003F1C6E7497001E335F /* Docopt.h */ = {isa = PBXFileReference; fileEncoding = 4; lastKnownFileType = sourcecode.c.h; path = Docopt.h; sourceTree = "<group>"; };
		3C5900401C6E7497001E335F /* Docopt.swift */ = {isa = PBXFileReference; fileEncoding = 4; lastKnownFileType = sourcecode.swift; path = Docopt.swift; sourceTree = "<group>"; };
		3C5900411C6E7497001E335F /* DocoptError.swift */ = {isa = PBXFileReference; fileEncoding = 4; lastKnownFileType = sourcecode.swift; path = DocoptError.swift; sourceTree = "<group>"; };
		3C5900421C6E7497001E335F /* Either.swift */ = {isa = PBXFileReference; fileEncoding = 4; lastKnownFileType = sourcecode.swift; path = Either.swift; sourceTree = "<group>"; };
		3C5900451C6E7497001E335F /* Info.plist */ = {isa = PBXFileReference; fileEncoding = 4; lastKnownFileType = text.plist.xml; path = Info.plist; sourceTree = "<group>"; };
		3C5900461C6E7497001E335F /* LeafPattern.swift */ = {isa = PBXFileReference; fileEncoding = 4; lastKnownFileType = sourcecode.swift; path = LeafPattern.swift; sourceTree = "<group>"; };
		3C5900471C6E7497001E335F /* OneOrMore.swift */ = {isa = PBXFileReference; fileEncoding = 4; lastKnownFileType = sourcecode.swift; path = OneOrMore.swift; sourceTree = "<group>"; };
		3C5900481C6E7497001E335F /* Option.swift */ = {isa = PBXFileReference; fileEncoding = 4; lastKnownFileType = sourcecode.swift; path = Option.swift; sourceTree = "<group>"; };
		3C5900491C6E7497001E335F /* Optional.swift */ = {isa = PBXFileReference; fileEncoding = 4; lastKnownFileType = sourcecode.swift; path = Optional.swift; sourceTree = "<group>"; };
		3C59004A1C6E7497001E335F /* OptionsShortcut.swift */ = {isa = PBXFileReference; fileEncoding = 4; lastKnownFileType = sourcecode.swift; path = OptionsShortcut.swift; sourceTree = "<group>"; };
		3C59004B1C6E7497001E335F /* Pattern.swift */ = {isa = PBXFileReference; fileEncoding = 4; lastKnownFileType = sourcecode.swift; path = Pattern.swift; sourceTree = "<group>"; };
		3C59004C1C6E7497001E335F /* Required.swift */ = {isa = PBXFileReference; fileEncoding = 4; lastKnownFileType = sourcecode.swift; path = Required.swift; sourceTree = "<group>"; };
		3C59004D1C6E7497001E335F /* Tokens.swift */ = {isa = PBXFileReference; fileEncoding = 4; lastKnownFileType = sourcecode.swift; path = Tokens.swift; sourceTree = "<group>"; };
		3C59007A1C6E7F52001E335F /* String.swift */ = {isa = PBXFileReference; fileEncoding = 4; lastKnownFileType = sourcecode.swift; path = String.swift; sourceTree = "<group>"; };
		3C772EF81FA90DC2004AF468 /* DocoptTestCase.swift */ = {isa = PBXFileReference; fileEncoding = 4; lastKnownFileType = sourcecode.swift; path = DocoptTestCase.swift; sourceTree = "<group>"; };
		3C772EF91FA90DC2004AF468 /* DocoptTestCaseParser.swift */ = {isa = PBXFileReference; fileEncoding = 4; lastKnownFileType = sourcecode.swift; path = DocoptTestCaseParser.swift; sourceTree = "<group>"; };
		3C772EFA1FA90DC2004AF468 /* DocoptTestCasesTests.swift */ = {isa = PBXFileReference; fileEncoding = 4; lastKnownFileType = sourcecode.swift; path = DocoptTestCasesTests.swift; sourceTree = "<group>"; };
		3C772EFB1FA90DC2004AF468 /* DocoptTests.h */ = {isa = PBXFileReference; fileEncoding = 4; lastKnownFileType = sourcecode.c.h; path = DocoptTests.h; sourceTree = "<group>"; };
		3C772EFC1FA90DC2004AF468 /* DocoptTests.swift */ = {isa = PBXFileReference; fileEncoding = 4; lastKnownFileType = sourcecode.swift; path = DocoptTests.swift; sourceTree = "<group>"; };
		3C772EFD1FA90DC2004AF468 /* Info.plist */ = {isa = PBXFileReference; fileEncoding = 4; lastKnownFileType = text.plist.xml; path = Info.plist; sourceTree = "<group>"; };
		3C772F011FA90DC2004AF468 /* testcases.docopt */ = {isa = PBXFileReference; fileEncoding = 4; lastKnownFileType = text; path = testcases.docopt; sourceTree = "<group>"; };
		3CE9112E1AA1DE7D00082C0B /* Docopt.framework */ = {isa = PBXFileReference; explicitFileType = wrapper.framework; includeInIndex = 0; path = Docopt.framework; sourceTree = BUILT_PRODUCTS_DIR; };
		3CE911391AA1DE7E00082C0B /* DocoptTests.xctest */ = {isa = PBXFileReference; explicitFileType = wrapper.cfbundle; includeInIndex = 0; path = DocoptTests.xctest; sourceTree = BUILT_PRODUCTS_DIR; };
/* End PBXFileReference section */

/* Begin PBXFrameworksBuildPhase section */
		3C29E4511AAE380500B75022 /* Frameworks */ = {
			isa = PBXFrameworksBuildPhase;
			buildActionMask = 2147483647;
			files = (
				3C59007D1C6E7F9E001E335F /* Docopt.framework in Frameworks */,
			);
			runOnlyForDeploymentPostprocessing = 0;
		};
		3C29E46C1AAE394F00B75022 /* Frameworks */ = {
			isa = PBXFrameworksBuildPhase;
			buildActionMask = 2147483647;
			files = (
				3C59007E1C6E7F9E001E335F /* Docopt.framework in Frameworks */,
			);
			runOnlyForDeploymentPostprocessing = 0;
		};
		3C4CA2EC1AA9018000027F0F /* Frameworks */ = {
			isa = PBXFrameworksBuildPhase;
			buildActionMask = 2147483647;
			files = (
				3C4CA3661AA98BA900027F0F /* Docopt.framework in Frameworks */,
			);
			runOnlyForDeploymentPostprocessing = 0;
		};
		3C4CA30B1AA9045B00027F0F /* Frameworks */ = {
			isa = PBXFrameworksBuildPhase;
			buildActionMask = 2147483647;
			files = (
				3C4CA3201AA904BE00027F0F /* Docopt.framework in Frameworks */,
			);
			runOnlyForDeploymentPostprocessing = 0;
		};
		3C4CA3221AA905BD00027F0F /* Frameworks */ = {
			isa = PBXFrameworksBuildPhase;
			buildActionMask = 2147483647;
			files = (
				3C4CA3321AA9065300027F0F /* Docopt.framework in Frameworks */,
			);
			runOnlyForDeploymentPostprocessing = 0;
		};
		3C4CA3341AA90EBD00027F0F /* Frameworks */ = {
			isa = PBXFrameworksBuildPhase;
			buildActionMask = 2147483647;
			files = (
				3C59007C1C6E7F7F001E335F /* Docopt.framework in Frameworks */,
			);
			runOnlyForDeploymentPostprocessing = 0;
		};
		3CE9112A1AA1DE7D00082C0B /* Frameworks */ = {
			isa = PBXFrameworksBuildPhase;
			buildActionMask = 2147483647;
			files = (
			);
			runOnlyForDeploymentPostprocessing = 0;
		};
		3CE911361AA1DE7E00082C0B /* Frameworks */ = {
			isa = PBXFrameworksBuildPhase;
			buildActionMask = 2147483647;
			files = (
				3CE9113A1AA1DE7E00082C0B /* Docopt.framework in Frameworks */,
			);
			runOnlyForDeploymentPostprocessing = 0;
		};
/* End PBXFrameworksBuildPhase section */

/* Begin PBXGroup section */
		3C29E4291AAE36A100B75022 /* arguments_example */ = {
			isa = PBXGroup;
			children = (
				3C29E44E1AAE370000B75022 /* main.swift */,
			);
			path = arguments_example;
			sourceTree = "<group>";
		};
		3C29E42A1AAE36A100B75022 /* naval_fate */ = {
			isa = PBXGroup;
			children = (
				3C29E4761AAE396800B75022 /* main.swift */,
			);
			path = naval_fate;
			sourceTree = "<group>";
		};
		3C4CA2C31AA8FFA800027F0F /* Examples */ = {
			isa = PBXGroup;
			children = (
				3C4CA2C51AA8FFA800027F0F /* Objc */,
				3C4CA2C91AA8FFA800027F0F /* Swift */,
			);
			path = Examples;
			sourceTree = "<group>";
		};
		3C4CA2C51AA8FFA800027F0F /* Objc */ = {
			isa = PBXGroup;
			children = (
				3C4CA2C81AA8FFA800027F0F /* arguments_example.m */,
				3C4CA3021AA901B900027F0F /* calculator_example.m */,
				3C4CA32C1AA905D700027F0F /* naval_fate.m */,
			);
			path = Objc;
			sourceTree = "<group>";
		};
		3C4CA2C91AA8FFA800027F0F /* Swift */ = {
			isa = PBXGroup;
			children = (
				3C29E4291AAE36A100B75022 /* arguments_example */,
				3C4CA3401AA910C000027F0F /* calculator_example */,
				3C29E42A1AAE36A100B75022 /* naval_fate */,
			);
			path = Swift;
			sourceTree = "<group>";
		};
		3C4CA3401AA910C000027F0F /* calculator_example */ = {
			isa = PBXGroup;
			children = (
				3C4CA3411AA910C000027F0F /* main.swift */,
			);
			path = calculator_example;
			sourceTree = "<group>";
		};
		3C59003B1C6E7497001E335F /* Sources */ = {
			isa = PBXGroup;
			children = (
				3C59003C1C6E7497001E335F /* Argument.swift */,
				3C59003D1C6E7497001E335F /* BranchPattern.swift */,
				3C59003E1C6E7497001E335F /* Command.swift */,
				3C59003F1C6E7497001E335F /* Docopt.h */,
				3C5900401C6E7497001E335F /* Docopt.swift */,
				3C5900411C6E7497001E335F /* DocoptError.swift */,
				3C5900421C6E7497001E335F /* Either.swift */,
				3C5900451C6E7497001E335F /* Info.plist */,
				3C5900461C6E7497001E335F /* LeafPattern.swift */,
				3C5900471C6E7497001E335F /* OneOrMore.swift */,
				3C5900481C6E7497001E335F /* Option.swift */,
				3C5900491C6E7497001E335F /* Optional.swift */,
				3C59004A1C6E7497001E335F /* OptionsShortcut.swift */,
				3C59004B1C6E7497001E335F /* Pattern.swift */,
				3C59004C1C6E7497001E335F /* Required.swift */,
				3C59007A1C6E7F52001E335F /* String.swift */,
				3C59004D1C6E7497001E335F /* Tokens.swift */,
			);
			path = Sources;
			sourceTree = "<group>";
		};
		3C772EF71FA90DC2004AF468 /* DocoptTests */ = {
			isa = PBXGroup;
			children = (
				3C772EF81FA90DC2004AF468 /* DocoptTestCase.swift */,
				3C772EF91FA90DC2004AF468 /* DocoptTestCaseParser.swift */,
				3C772EFA1FA90DC2004AF468 /* DocoptTestCasesTests.swift */,
				3C772EFB1FA90DC2004AF468 /* DocoptTests.h */,
				3C772EFC1FA90DC2004AF468 /* DocoptTests.swift */,
				3C772EFD1FA90DC2004AF468 /* Info.plist */,
				3C772F011FA90DC2004AF468 /* testcases.docopt */,
			);
			path = DocoptTests;
			sourceTree = "<group>";
		};
		3CE911241AA1DE7D00082C0B = {
			isa = PBXGroup;
			children = (
				3C4CA2C31AA8FFA800027F0F /* Examples */,
				3CE9112F1AA1DE7D00082C0B /* Products */,
				3C59003B1C6E7497001E335F /* Sources */,
				3C772EF71FA90DC2004AF468 /* DocoptTests */,
			);
			sourceTree = "<group>";
		};
		3CE9112F1AA1DE7D00082C0B /* Products */ = {
			isa = PBXGroup;
			children = (
				3CE9112E1AA1DE7D00082C0B /* Docopt.framework */,
				3CE911391AA1DE7E00082C0B /* DocoptTests.xctest */,
				3C4CA2EF1AA9018000027F0F /* calculator_example */,
				3C4CA30E1AA9045B00027F0F /* arguments_example */,
				3C4CA3251AA905BD00027F0F /* naval_fate */,
				3C4CA3371AA90EBD00027F0F /* calculator_example_swift */,
				3C29E4541AAE380500B75022 /* arguments_example_swift */,
				3C29E46F1AAE394F00B75022 /* naval_fate_swift */,
			);
			name = Products;
			sourceTree = "<group>";
		};
/* End PBXGroup section */

/* Begin PBXHeadersBuildPhase section */
		3CE9112B1AA1DE7D00082C0B /* Headers */ = {
			isa = PBXHeadersBuildPhase;
			buildActionMask = 2147483647;
			files = (
				3C5900511C6E7497001E335F /* Docopt.h in Headers */,
			);
			runOnlyForDeploymentPostprocessing = 0;
		};
/* End PBXHeadersBuildPhase section */

/* Begin PBXNativeTarget section */
		3C29E4531AAE380500B75022 /* arguments_example_swift */ = {
			isa = PBXNativeTarget;
			buildConfigurationList = 3C29E4581AAE380500B75022 /* Build configuration list for PBXNativeTarget "arguments_example_swift" */;
			buildPhases = (
				3C29E4501AAE380500B75022 /* Sources */,
				3C29E4511AAE380500B75022 /* Frameworks */,
				3C29E4521AAE380500B75022 /* CopyFiles */,
			);
			buildRules = (
			);
			dependencies = (
				6AE08CDD1EEA0AAA00C3E66B /* PBXTargetDependency */,
			);
			name = arguments_example_swift;
			productName = arguments_example_swift;
			productReference = 3C29E4541AAE380500B75022 /* arguments_example_swift */;
			productType = "com.apple.product-type.tool";
		};
		3C29E46E1AAE394F00B75022 /* naval_fate_swift */ = {
			isa = PBXNativeTarget;
			buildConfigurationList = 3C29E4731AAE394F00B75022 /* Build configuration list for PBXNativeTarget "naval_fate_swift" */;
			buildPhases = (
				3C29E46B1AAE394F00B75022 /* Sources */,
				3C29E46C1AAE394F00B75022 /* Frameworks */,
				3C29E46D1AAE394F00B75022 /* CopyFiles */,
			);
			buildRules = (
			);
			dependencies = (
				6A85674D1EF01F33001F7250 /* PBXTargetDependency */,
			);
			name = naval_fate_swift;
			productName = naval_fate_swift;
			productReference = 3C29E46F1AAE394F00B75022 /* naval_fate_swift */;
			productType = "com.apple.product-type.tool";
		};
		3C4CA2EE1AA9018000027F0F /* calculator_example */ = {
			isa = PBXNativeTarget;
			buildConfigurationList = 3C4CA2F31AA9018000027F0F /* Build configuration list for PBXNativeTarget "calculator_example" */;
			buildPhases = (
				3C4CA2EB1AA9018000027F0F /* Sources */,
				3C4CA2EC1AA9018000027F0F /* Frameworks */,
				3C4CA2ED1AA9018000027F0F /* CopyFiles */,
			);
			buildRules = (
			);
			dependencies = (
				3C4CA3651AA98BA600027F0F /* PBXTargetDependency */,
			);
			name = calculator_example;
			productName = calculator_example;
			productReference = 3C4CA2EF1AA9018000027F0F /* calculator_example */;
			productType = "com.apple.product-type.tool";
		};
		3C4CA30D1AA9045B00027F0F /* arguments_example */ = {
			isa = PBXNativeTarget;
			buildConfigurationList = 3C4CA3121AA9045B00027F0F /* Build configuration list for PBXNativeTarget "arguments_example" */;
			buildPhases = (
				3C4CA30A1AA9045B00027F0F /* Sources */,
				3C4CA30B1AA9045B00027F0F /* Frameworks */,
				3C4CA30C1AA9045B00027F0F /* CopyFiles */,
			);
			buildRules = (
			);
			dependencies = (
				3C4CA31F1AA904B900027F0F /* PBXTargetDependency */,
			);
			name = arguments_example;
			productName = arguments_example;
			productReference = 3C4CA30E1AA9045B00027F0F /* arguments_example */;
			productType = "com.apple.product-type.tool";
		};
		3C4CA3241AA905BD00027F0F /* naval_fate */ = {
			isa = PBXNativeTarget;
			buildConfigurationList = 3C4CA3291AA905BD00027F0F /* Build configuration list for PBXNativeTarget "naval_fate" */;
			buildPhases = (
				3C4CA3211AA905BD00027F0F /* Sources */,
				3C4CA3221AA905BD00027F0F /* Frameworks */,
				3C4CA3231AA905BD00027F0F /* CopyFiles */,
			);
			buildRules = (
			);
			dependencies = (
				3C4CA3311AA9065100027F0F /* PBXTargetDependency */,
			);
			name = naval_fate;
			productName = naval_fate;
			productReference = 3C4CA3251AA905BD00027F0F /* naval_fate */;
			productType = "com.apple.product-type.tool";
		};
		3C4CA3361AA90EBD00027F0F /* calculator_example_swift */ = {
			isa = PBXNativeTarget;
			buildConfigurationList = 3C4CA33B1AA90EBD00027F0F /* Build configuration list for PBXNativeTarget "calculator_example_swift" */;
			buildPhases = (
				3C4CA3331AA90EBD00027F0F /* Sources */,
				3C4CA3341AA90EBD00027F0F /* Frameworks */,
				3C4CA3351AA90EBD00027F0F /* CopyFiles */,
			);
			buildRules = (
			);
			dependencies = (
				6A85674B1EF01F19001F7250 /* PBXTargetDependency */,
			);
			name = calculator_example_swift;
			productName = calculator_example_swift;
			productReference = 3C4CA3371AA90EBD00027F0F /* calculator_example_swift */;
			productType = "com.apple.product-type.tool";
		};
		3CE9112D1AA1DE7D00082C0B /* Docopt */ = {
			isa = PBXNativeTarget;
			buildConfigurationList = 3CE911441AA1DE7E00082C0B /* Build configuration list for PBXNativeTarget "Docopt" */;
			buildPhases = (
				3CE911291AA1DE7D00082C0B /* Sources */,
				3CE9112A1AA1DE7D00082C0B /* Frameworks */,
				3CE9112B1AA1DE7D00082C0B /* Headers */,
				3CE9112C1AA1DE7D00082C0B /* Resources */,
			);
			buildRules = (
			);
			dependencies = (
			);
			name = Docopt;
			productName = docopt;
			productReference = 3CE9112E1AA1DE7D00082C0B /* Docopt.framework */;
			productType = "com.apple.product-type.framework";
		};
		3CE911381AA1DE7E00082C0B /* DocoptTests */ = {
			isa = PBXNativeTarget;
			buildConfigurationList = 3CE911471AA1DE7E00082C0B /* Build configuration list for PBXNativeTarget "DocoptTests" */;
			buildPhases = (
				3CE911351AA1DE7E00082C0B /* Sources */,
				3CE911361AA1DE7E00082C0B /* Frameworks */,
				3CE911371AA1DE7E00082C0B /* Resources */,
			);
			buildRules = (
			);
			dependencies = (
				3CE9113C1AA1DE7E00082C0B /* PBXTargetDependency */,
			);
			name = DocoptTests;
			productName = docoptTests;
			productReference = 3CE911391AA1DE7E00082C0B /* DocoptTests.xctest */;
			productType = "com.apple.product-type.bundle.unit-test";
		};
/* End PBXNativeTarget section */

/* Begin PBXProject section */
		3CE911251AA1DE7D00082C0B /* Project object */ = {
			isa = PBXProject;
			attributes = {
				LastSwiftMigration = 0700;
				LastSwiftUpdateCheck = 0700;
				LastUpgradeCheck = 0900;
				ORGANIZATIONNAME = kovpas;
				TargetAttributes = {
					3C29E4531AAE380500B75022 = {
						CreatedOnToolsVersion = 6.3;
						LastSwiftMigration = 0900;
					};
					3C29E46E1AAE394F00B75022 = {
						CreatedOnToolsVersion = 6.3;
					};
					3C4CA2EE1AA9018000027F0F = {
						CreatedOnToolsVersion = 6.3;
					};
					3C4CA30D1AA9045B00027F0F = {
						CreatedOnToolsVersion = 6.3;
						LastSwiftMigration = 0900;
					};
					3C4CA3241AA905BD00027F0F = {
						CreatedOnToolsVersion = 6.3;
					};
					3C4CA3361AA90EBD00027F0F = {
						CreatedOnToolsVersion = 6.3;
					};
					3CE9112D1AA1DE7D00082C0B = {
						CreatedOnToolsVersion = 6.3;
						LastSwiftMigration = 0900;
					};
					3CE911381AA1DE7E00082C0B = {
						CreatedOnToolsVersion = 6.3;
						LastSwiftMigration = 0900;
					};
				};
			};
			buildConfigurationList = 3CE911281AA1DE7D00082C0B /* Build configuration list for PBXProject "docopt" */;
			compatibilityVersion = "Xcode 8.0";
			developmentRegion = English;
			hasScannedForEncodings = 0;
			knownRegions = (
				en,
			);
			mainGroup = 3CE911241AA1DE7D00082C0B;
			productRefGroup = 3CE9112F1AA1DE7D00082C0B /* Products */;
			projectDirPath = "";
			projectRoot = "";
			targets = (
				3CE9112D1AA1DE7D00082C0B /* Docopt */,
				3CE911381AA1DE7E00082C0B /* DocoptTests */,
				3C4CA2EE1AA9018000027F0F /* calculator_example */,
				3C4CA30D1AA9045B00027F0F /* arguments_example */,
				3C4CA3241AA905BD00027F0F /* naval_fate */,
				3C4CA3361AA90EBD00027F0F /* calculator_example_swift */,
				3C29E4531AAE380500B75022 /* arguments_example_swift */,
				3C29E46E1AAE394F00B75022 /* naval_fate_swift */,
			);
		};
/* End PBXProject section */

/* Begin PBXResourcesBuildPhase section */
		3CE9112C1AA1DE7D00082C0B /* Resources */ = {
			isa = PBXResourcesBuildPhase;
			buildActionMask = 2147483647;
			files = (
			);
			runOnlyForDeploymentPostprocessing = 0;
		};
		3CE911371AA1DE7E00082C0B /* Resources */ = {
			isa = PBXResourcesBuildPhase;
			buildActionMask = 2147483647;
			files = (
				3C772F081FA90DC2004AF468 /* testcases.docopt in Resources */,
			);
			runOnlyForDeploymentPostprocessing = 0;
		};
/* End PBXResourcesBuildPhase section */

/* Begin PBXSourcesBuildPhase section */
		3C29E4501AAE380500B75022 /* Sources */ = {
			isa = PBXSourcesBuildPhase;
			buildActionMask = 2147483647;
			files = (
				3C29E45B1AAE381200B75022 /* main.swift in Sources */,
			);
			runOnlyForDeploymentPostprocessing = 0;
		};
		3C29E46B1AAE394F00B75022 /* Sources */ = {
			isa = PBXSourcesBuildPhase;
			buildActionMask = 2147483647;
			files = (
				3C29E4771AAE396800B75022 /* main.swift in Sources */,
			);
			runOnlyForDeploymentPostprocessing = 0;
		};
		3C4CA2EB1AA9018000027F0F /* Sources */ = {
			isa = PBXSourcesBuildPhase;
			buildActionMask = 2147483647;
			files = (
				3C4CA3031AA901B900027F0F /* calculator_example.m in Sources */,
			);
			runOnlyForDeploymentPostprocessing = 0;
		};
		3C4CA30A1AA9045B00027F0F /* Sources */ = {
			isa = PBXSourcesBuildPhase;
			buildActionMask = 2147483647;
			files = (
				3C4CA3151AA9045F00027F0F /* arguments_example.m in Sources */,
			);
			runOnlyForDeploymentPostprocessing = 0;
		};
		3C4CA3211AA905BD00027F0F /* Sources */ = {
			isa = PBXSourcesBuildPhase;
			buildActionMask = 2147483647;
			files = (
				3C4CA32D1AA905D700027F0F /* naval_fate.m in Sources */,
			);
			runOnlyForDeploymentPostprocessing = 0;
		};
		3C4CA3331AA90EBD00027F0F /* Sources */ = {
			isa = PBXSourcesBuildPhase;
			buildActionMask = 2147483647;
			files = (
				3C4CA3421AA910C000027F0F /* main.swift in Sources */,
			);
			runOnlyForDeploymentPostprocessing = 0;
		};
		3CE911291AA1DE7D00082C0B /* Sources */ = {
			isa = PBXSourcesBuildPhase;
			buildActionMask = 2147483647;
			files = (
				3C5900521C6E7497001E335F /* Docopt.swift in Sources */,
				3C59005A1C6E7497001E335F /* Optional.swift in Sources */,
				3C59004F1C6E7497001E335F /* BranchPattern.swift in Sources */,
				3C5900591C6E7497001E335F /* Option.swift in Sources */,
				3C59005B1C6E7497001E335F /* OptionsShortcut.swift in Sources */,
				3C5900571C6E7497001E335F /* LeafPattern.swift in Sources */,
				3C59005D1C6E7497001E335F /* Required.swift in Sources */,
				3C59004E1C6E7497001E335F /* Argument.swift in Sources */,
				3C59005E1C6E7497001E335F /* Tokens.swift in Sources */,
				3C5900501C6E7497001E335F /* Command.swift in Sources */,
				3C59005C1C6E7497001E335F /* Pattern.swift in Sources */,
				3C5900581C6E7497001E335F /* OneOrMore.swift in Sources */,
				3C5900541C6E7497001E335F /* Either.swift in Sources */,
				3C59007B1C6E7F52001E335F /* String.swift in Sources */,
				3C5900531C6E7497001E335F /* DocoptError.swift in Sources */,
			);
			runOnlyForDeploymentPostprocessing = 0;
		};
		3CE911351AA1DE7E00082C0B /* Sources */ = {
			isa = PBXSourcesBuildPhase;
			buildActionMask = 2147483647;
			files = (
				3C772F051FA90DC2004AF468 /* DocoptTests.swift in Sources */,
				3C772F021FA90DC2004AF468 /* DocoptTestCase.swift in Sources */,
				3C772F031FA90DC2004AF468 /* DocoptTestCaseParser.swift in Sources */,
				3C772F041FA90DC2004AF468 /* DocoptTestCasesTests.swift in Sources */,
			);
			runOnlyForDeploymentPostprocessing = 0;
		};
/* End PBXSourcesBuildPhase section */

/* Begin PBXTargetDependency section */
		3C4CA31F1AA904B900027F0F /* PBXTargetDependency */ = {
			isa = PBXTargetDependency;
			target = 3CE9112D1AA1DE7D00082C0B /* Docopt */;
			targetProxy = 3C4CA31E1AA904B900027F0F /* PBXContainerItemProxy */;
		};
		3C4CA3311AA9065100027F0F /* PBXTargetDependency */ = {
			isa = PBXTargetDependency;
			target = 3CE9112D1AA1DE7D00082C0B /* Docopt */;
			targetProxy = 3C4CA3301AA9065100027F0F /* PBXContainerItemProxy */;
		};
		3C4CA3651AA98BA600027F0F /* PBXTargetDependency */ = {
			isa = PBXTargetDependency;
			target = 3CE9112D1AA1DE7D00082C0B /* Docopt */;
			targetProxy = 3C4CA3641AA98BA600027F0F /* PBXContainerItemProxy */;
		};
		3CE9113C1AA1DE7E00082C0B /* PBXTargetDependency */ = {
			isa = PBXTargetDependency;
			target = 3CE9112D1AA1DE7D00082C0B /* Docopt */;
			targetProxy = 3CE9113B1AA1DE7E00082C0B /* PBXContainerItemProxy */;
		};
		6A85674B1EF01F19001F7250 /* PBXTargetDependency */ = {
			isa = PBXTargetDependency;
			target = 3CE9112D1AA1DE7D00082C0B /* Docopt */;
			targetProxy = 6A85674A1EF01F19001F7250 /* PBXContainerItemProxy */;
		};
		6A85674D1EF01F33001F7250 /* PBXTargetDependency */ = {
			isa = PBXTargetDependency;
			target = 3CE9112D1AA1DE7D00082C0B /* Docopt */;
			targetProxy = 6A85674C1EF01F33001F7250 /* PBXContainerItemProxy */;
		};
		6AE08CDD1EEA0AAA00C3E66B /* PBXTargetDependency */ = {
			isa = PBXTargetDependency;
			target = 3CE9112D1AA1DE7D00082C0B /* Docopt */;
			targetProxy = 6AE08CDC1EEA0AAA00C3E66B /* PBXContainerItemProxy */;
		};
/* End PBXTargetDependency section */

/* Begin XCBuildConfiguration section */
		3C29E4591AAE380500B75022 /* Debug */ = {
			isa = XCBuildConfiguration;
			buildSettings = {
				GCC_PREPROCESSOR_DEFINITIONS = (
					"DEBUG=1",
					"$(inherited)",
				);
				LD_RUNPATH_SEARCH_PATHS = "$(inherited) @executable_path/../Frameworks @loader_path/../Frameworks";
				PRODUCT_NAME = "$(TARGET_NAME)";
				SWIFT_OPTIMIZATION_LEVEL = "-Owholemodule";
			};
			name = Debug;
		};
		3C29E45A1AAE380500B75022 /* Release */ = {
			isa = XCBuildConfiguration;
			buildSettings = {
				DEBUG_INFORMATION_FORMAT = "dwarf-with-dsym";
				LD_RUNPATH_SEARCH_PATHS = "$(inherited) @executable_path/../Frameworks @loader_path/../Frameworks";
				PRODUCT_NAME = "$(TARGET_NAME)";
				SWIFT_OPTIMIZATION_LEVEL = "-Owholemodule";
			};
			name = Release;
		};
		3C29E4741AAE394F00B75022 /* Debug */ = {
			isa = XCBuildConfiguration;
			buildSettings = {
				CLANG_ENABLE_MODULES = YES;
				GCC_PREPROCESSOR_DEFINITIONS = (
					"DEBUG=1",
					"$(inherited)",
				);
				GCC_SYMBOLS_PRIVATE_EXTERN = NO;
				LD_RUNPATH_SEARCH_PATHS = "$(inherited) @executable_path/../Frameworks @loader_path/../Frameworks";
				PRODUCT_NAME = "$(TARGET_NAME)";
				SWIFT_OPTIMIZATION_LEVEL = "-Onone";
			};
			name = Debug;
		};
		3C29E4751AAE394F00B75022 /* Release */ = {
			isa = XCBuildConfiguration;
			buildSettings = {
				CLANG_ENABLE_MODULES = YES;
				DEBUG_INFORMATION_FORMAT = "dwarf-with-dsym";
				LD_RUNPATH_SEARCH_PATHS = "$(inherited) @executable_path/../Frameworks @loader_path/../Frameworks";
				PRODUCT_NAME = "$(TARGET_NAME)";
			};
			name = Release;
		};
		3C4CA2F41AA9018000027F0F /* Debug */ = {
			isa = XCBuildConfiguration;
			buildSettings = {
				GCC_PREPROCESSOR_DEFINITIONS = (
					"DEBUG=1",
					"$(inherited)",
				);
				LD_RUNPATH_SEARCH_PATHS = "$(inherited) @executable_path/../Frameworks @loader_path/../Frameworks";
				PRODUCT_NAME = "$(TARGET_NAME)";
			};
			name = Debug;
		};
		3C4CA2F51AA9018000027F0F /* Release */ = {
			isa = XCBuildConfiguration;
			buildSettings = {
				DEBUG_INFORMATION_FORMAT = dwarf;
				LD_RUNPATH_SEARCH_PATHS = "$(inherited) @executable_path/../Frameworks @loader_path/../Frameworks";
				PRODUCT_NAME = "$(TARGET_NAME)";
			};
			name = Release;
		};
		3C4CA3131AA9045B00027F0F /* Debug */ = {
			isa = XCBuildConfiguration;
			buildSettings = {
				GCC_PREPROCESSOR_DEFINITIONS = (
					"DEBUG=1",
					"$(inherited)",
				);
				LD_RUNPATH_SEARCH_PATHS = "$(inherited) @executable_path/../Frameworks @loader_path/../Frameworks";
				PRODUCT_NAME = "$(TARGET_NAME)";
			};
			name = Debug;
		};
		3C4CA3141AA9045B00027F0F /* Release */ = {
			isa = XCBuildConfiguration;
			buildSettings = {
				DEBUG_INFORMATION_FORMAT = dwarf;
				LD_RUNPATH_SEARCH_PATHS = "$(inherited) @executable_path/../Frameworks @loader_path/../Frameworks";
				PRODUCT_NAME = "$(TARGET_NAME)";
			};
			name = Release;
		};
		3C4CA32A1AA905BD00027F0F /* Debug */ = {
			isa = XCBuildConfiguration;
			buildSettings = {
				GCC_PREPROCESSOR_DEFINITIONS = (
					"DEBUG=1",
					"$(inherited)",
				);
				LD_RUNPATH_SEARCH_PATHS = "$(inherited) @executable_path/../Frameworks @loader_path/../Frameworks";
				PRODUCT_NAME = "$(TARGET_NAME)";
			};
			name = Debug;
		};
		3C4CA32B1AA905BD00027F0F /* Release */ = {
			isa = XCBuildConfiguration;
			buildSettings = {
				DEBUG_INFORMATION_FORMAT = dwarf;
				LD_RUNPATH_SEARCH_PATHS = "$(inherited) @executable_path/../Frameworks @loader_path/../Frameworks";
				PRODUCT_NAME = "$(TARGET_NAME)";
			};
			name = Release;
		};
		3C4CA33C1AA90EBD00027F0F /* Debug */ = {
			isa = XCBuildConfiguration;
			buildSettings = {
				GCC_PREPROCESSOR_DEFINITIONS = (
					"DEBUG=1",
					"$(inherited)",
				);
				LD_RUNPATH_SEARCH_PATHS = "$(inherited) @executable_path/../Frameworks @loader_path/../Frameworks";
				PRODUCT_NAME = "$(TARGET_NAME)";
				SWIFT_OPTIMIZATION_LEVEL = "-Owholemodule";
			};
			name = Debug;
		};
		3C4CA33D1AA90EBD00027F0F /* Release */ = {
			isa = XCBuildConfiguration;
			buildSettings = {
				DEBUG_INFORMATION_FORMAT = "dwarf-with-dsym";
				LD_RUNPATH_SEARCH_PATHS = "$(inherited) @executable_path/../Frameworks @loader_path/../Frameworks";
				PRODUCT_NAME = "$(TARGET_NAME)";
				SWIFT_OPTIMIZATION_LEVEL = "-Owholemodule";
			};
			name = Release;
		};
		3CE911421AA1DE7E00082C0B /* Debug */ = {
			isa = XCBuildConfiguration;
			buildSettings = {
				ALWAYS_SEARCH_USER_PATHS = NO;
				CLANG_ENABLE_MODULES = YES;
				CLANG_ENABLE_OBJC_ARC = YES;
				CLANG_WARN_BLOCK_CAPTURE_AUTORELEASING = YES;
				CLANG_WARN_BOOL_CONVERSION = YES;
				CLANG_WARN_COMMA = YES;
				CLANG_WARN_CONSTANT_CONVERSION = YES;
				CLANG_WARN_DIRECT_OBJC_ISA_USAGE = YES_ERROR;
				CLANG_WARN_EMPTY_BODY = YES;
				CLANG_WARN_ENUM_CONVERSION = YES;
				CLANG_WARN_INFINITE_RECURSION = YES;
				CLANG_WARN_INT_CONVERSION = YES;
				CLANG_WARN_NON_LITERAL_NULL_CONVERSION = YES;
				CLANG_WARN_OBJC_LITERAL_CONVERSION = YES;
				CLANG_WARN_OBJC_ROOT_CLASS = YES_ERROR;
				CLANG_WARN_RANGE_LOOP_ANALYSIS = YES;
				CLANG_WARN_STRICT_PROTOTYPES = YES;
				CLANG_WARN_SUSPICIOUS_MOVE = YES;
				CLANG_WARN_UNREACHABLE_CODE = YES;
				CLANG_WARN__DUPLICATE_METHOD_MATCH = YES;
				COPY_PHASE_STRIP = NO;
				CURRENT_PROJECT_VERSION = 1;
				DEBUG_INFORMATION_FORMAT = dwarf;
				ENABLE_STRICT_OBJC_MSGSEND = YES;
				ENABLE_TESTABILITY = YES;
				FRAMEWORK_SEARCH_PATHS = (
					"$(DEVELOPER_FRAMEWORKS_DIR)",
					"$(inherited)",
					"$(BUILT_PRODUCTS_DIR)",
					"$(SRCROOT)/**",
				);
				GCC_DYNAMIC_NO_PIC = NO;
				GCC_NO_COMMON_BLOCKS = YES;
				GCC_OPTIMIZATION_LEVEL = 0;
				GCC_PREPROCESSOR_DEFINITIONS = (
					"DEBUG=1",
					"$(inherited)",
				);
				GCC_WARN_64_TO_32_BIT_CONVERSION = YES;
				GCC_WARN_ABOUT_RETURN_TYPE = YES_ERROR;
				GCC_WARN_UNDECLARED_SELECTOR = YES;
				GCC_WARN_UNINITIALIZED_AUTOS = YES_AGGRESSIVE;
				GCC_WARN_UNUSED_FUNCTION = YES;
				GCC_WARN_UNUSED_VARIABLE = YES;
				MACOSX_DEPLOYMENT_TARGET = 10.9;
				MTL_ENABLE_DEBUG_INFO = YES;
				ONLY_ACTIVE_ARCH = YES;
				SDKROOT = macosx;
				SWIFT_OPTIMIZATION_LEVEL = "-Onone";
				SWIFT_VERSION = 4.0;
				VERSIONING_SYSTEM = "apple-generic";
				VERSION_INFO_PREFIX = "";
			};
			name = Debug;
		};
		3CE911431AA1DE7E00082C0B /* Release */ = {
			isa = XCBuildConfiguration;
			buildSettings = {
				ALWAYS_SEARCH_USER_PATHS = NO;
				CLANG_ENABLE_MODULES = YES;
				CLANG_ENABLE_OBJC_ARC = YES;
				CLANG_WARN_BLOCK_CAPTURE_AUTORELEASING = YES;
				CLANG_WARN_BOOL_CONVERSION = YES;
				CLANG_WARN_COMMA = YES;
				CLANG_WARN_CONSTANT_CONVERSION = YES;
				CLANG_WARN_DIRECT_OBJC_ISA_USAGE = YES_ERROR;
				CLANG_WARN_EMPTY_BODY = YES;
				CLANG_WARN_ENUM_CONVERSION = YES;
				CLANG_WARN_INFINITE_RECURSION = YES;
				CLANG_WARN_INT_CONVERSION = YES;
				CLANG_WARN_NON_LITERAL_NULL_CONVERSION = YES;
				CLANG_WARN_OBJC_LITERAL_CONVERSION = YES;
				CLANG_WARN_OBJC_ROOT_CLASS = YES_ERROR;
				CLANG_WARN_RANGE_LOOP_ANALYSIS = YES;
				CLANG_WARN_STRICT_PROTOTYPES = YES;
				CLANG_WARN_SUSPICIOUS_MOVE = YES;
				CLANG_WARN_UNREACHABLE_CODE = YES;
				CLANG_WARN__DUPLICATE_METHOD_MATCH = YES;
				COPY_PHASE_STRIP = NO;
				CURRENT_PROJECT_VERSION = 1;
				DEBUG_INFORMATION_FORMAT = dwarf;
				ENABLE_NS_ASSERTIONS = NO;
				ENABLE_STRICT_OBJC_MSGSEND = YES;
				FRAMEWORK_SEARCH_PATHS = (
					"$(DEVELOPER_FRAMEWORKS_DIR)",
					"$(inherited)",
					"$(BUILT_PRODUCTS_DIR)",
					"$(SRCROOT)/**",
				);
				GCC_NO_COMMON_BLOCKS = YES;
				GCC_OPTIMIZATION_LEVEL = fast;
				GCC_WARN_64_TO_32_BIT_CONVERSION = YES;
				GCC_WARN_ABOUT_RETURN_TYPE = YES_ERROR;
				GCC_WARN_UNDECLARED_SELECTOR = YES;
				GCC_WARN_UNINITIALIZED_AUTOS = YES_AGGRESSIVE;
				GCC_WARN_UNUSED_FUNCTION = YES;
				GCC_WARN_UNUSED_VARIABLE = YES;
				MACOSX_DEPLOYMENT_TARGET = 10.9;
				MTL_ENABLE_DEBUG_INFO = NO;
				SDKROOT = macosx;
				SWIFT_OPTIMIZATION_LEVEL = "-Owholemodule";
				SWIFT_VERSION = 4.0;
				VERSIONING_SYSTEM = "apple-generic";
				VERSION_INFO_PREFIX = "";
			};
			name = Release;
		};
		3CE911451AA1DE7E00082C0B /* Debug */ = {
			isa = XCBuildConfiguration;
			buildSettings = {
				ALWAYS_EMBED_SWIFT_STANDARD_LIBRARIES = YES;
				CLANG_ANALYZER_SECURITY_FLOATLOOPCOUNTER = YES;
				CLANG_ANALYZER_SECURITY_INSECUREAPI_RAND = YES;
				CLANG_ANALYZER_SECURITY_INSECUREAPI_STRCPY = YES;
				CLANG_ENABLE_MODULES = YES;
				CLANG_WARN_IMPLICIT_SIGN_CONVERSION = YES;
				CLANG_WARN_OBJC_EXPLICIT_OWNERSHIP_TYPE = YES;
				CLANG_WARN_OBJC_IMPLICIT_ATOMIC_PROPERTIES = YES;
				CLANG_WARN_OBJC_IMPLICIT_RETAIN_SELF = YES;
				CLANG_WARN_OBJC_MISSING_PROPERTY_SYNTHESIS = YES;
				CLANG_WARN_OBJC_REPEATED_USE_OF_WEAK = YES;
				CLANG_WARN_SUSPICIOUS_IMPLICIT_CONVERSION = YES;
				COMBINE_HIDPI_IMAGES = YES;
				DEFINES_MODULE = YES;
				DYLIB_COMPATIBILITY_VERSION = 1;
				DYLIB_CURRENT_VERSION = 1;
				DYLIB_INSTALL_NAME_BASE = "@rpath";
				FRAMEWORK_VERSION = A;
				GCC_WARN_ABOUT_MISSING_NEWLINE = YES;
				GCC_WARN_ABOUT_MISSING_PROTOTYPES = YES;
				GCC_WARN_SHADOW = YES;
				GCC_WARN_SIGN_COMPARE = YES;
				INFOPLIST_FILE = Sources/Info.plist;
				INSTALL_PATH = "$(LOCAL_LIBRARY_DIR)/Frameworks";
				LD_RUNPATH_SEARCH_PATHS = "$(inherited) @loader_path/Frameworks";
				PRODUCT_BUNDLE_IDENTIFIER = "ru.kovpas.$(PRODUCT_NAME:rfc1034identifier)";
				PRODUCT_NAME = "$(TARGET_NAME)";
				SKIP_INSTALL = YES;
				SWIFT_OPTIMIZATION_LEVEL = "-Onone";
			};
			name = Debug;
		};
		3CE911461AA1DE7E00082C0B /* Release */ = {
			isa = XCBuildConfiguration;
			buildSettings = {
				ALWAYS_EMBED_SWIFT_STANDARD_LIBRARIES = YES;
				CLANG_ANALYZER_SECURITY_FLOATLOOPCOUNTER = YES;
				CLANG_ANALYZER_SECURITY_INSECUREAPI_RAND = YES;
				CLANG_ANALYZER_SECURITY_INSECUREAPI_STRCPY = YES;
				CLANG_ENABLE_MODULES = YES;
				CLANG_WARN_IMPLICIT_SIGN_CONVERSION = YES;
				CLANG_WARN_OBJC_EXPLICIT_OWNERSHIP_TYPE = YES;
				CLANG_WARN_OBJC_IMPLICIT_ATOMIC_PROPERTIES = YES;
				CLANG_WARN_OBJC_IMPLICIT_RETAIN_SELF = YES;
				CLANG_WARN_OBJC_MISSING_PROPERTY_SYNTHESIS = YES;
				CLANG_WARN_OBJC_REPEATED_USE_OF_WEAK = YES;
				CLANG_WARN_SUSPICIOUS_IMPLICIT_CONVERSION = YES;
				COMBINE_HIDPI_IMAGES = YES;
				DEFINES_MODULE = YES;
				DYLIB_COMPATIBILITY_VERSION = 1;
				DYLIB_CURRENT_VERSION = 1;
				DYLIB_INSTALL_NAME_BASE = "@rpath";
				FRAMEWORK_VERSION = A;
				GCC_WARN_ABOUT_MISSING_NEWLINE = YES;
				GCC_WARN_ABOUT_MISSING_PROTOTYPES = YES;
				GCC_WARN_SHADOW = YES;
				GCC_WARN_SIGN_COMPARE = YES;
				INFOPLIST_FILE = Sources/Info.plist;
				INSTALL_PATH = "$(LOCAL_LIBRARY_DIR)/Frameworks";
				LD_RUNPATH_SEARCH_PATHS = "$(inherited) @loader_path/Frameworks";
				PRODUCT_BUNDLE_IDENTIFIER = "ru.kovpas.$(PRODUCT_NAME:rfc1034identifier)";
				PRODUCT_NAME = "$(TARGET_NAME)";
				SKIP_INSTALL = YES;
				SWIFT_OPTIMIZATION_LEVEL = "-Owholemodule";
			};
			name = Release;
		};
		3CE911481AA1DE7E00082C0B /* Debug */ = {
			isa = XCBuildConfiguration;
			buildSettings = {
				COMBINE_HIDPI_IMAGES = YES;
				FRAMEWORK_SEARCH_PATHS = (
					"$(DEVELOPER_FRAMEWORKS_DIR)",
					"$(inherited)",
				);
				GCC_PREPROCESSOR_DEFINITIONS = (
					"DEBUG=1",
					"$(inherited)",
				);
				INFOPLIST_FILE = DocoptTests/Info.plist;
				LD_RUNPATH_SEARCH_PATHS = "$(inherited) @executable_path/../Frameworks @loader_path/../Frameworks";
				PRODUCT_BUNDLE_IDENTIFIER = "ru.kovpas.$(PRODUCT_NAME:rfc1034identifier)";
				PRODUCT_NAME = "$(TARGET_NAME)";
				SWIFT_OBJC_BRIDGING_HEADER = DocoptTests/DocoptTests.h;
			};
			name = Debug;
		};
		3CE911491AA1DE7E00082C0B /* Release */ = {
			isa = XCBuildConfiguration;
			buildSettings = {
				COMBINE_HIDPI_IMAGES = YES;
				FRAMEWORK_SEARCH_PATHS = (
					"$(DEVELOPER_FRAMEWORKS_DIR)",
					"$(inherited)",
				);
				INFOPLIST_FILE = DocoptTests/Info.plist;
				LD_RUNPATH_SEARCH_PATHS = "$(inherited) @executable_path/../Frameworks @loader_path/../Frameworks";
				PRODUCT_BUNDLE_IDENTIFIER = "ru.kovpas.$(PRODUCT_NAME:rfc1034identifier)";
				PRODUCT_NAME = "$(TARGET_NAME)";
				SWIFT_OBJC_BRIDGING_HEADER = DocoptTests/DocoptTests.h;
			};
			name = Release;
		};
/* End XCBuildConfiguration section */

/* Begin XCConfigurationList section */
		3C29E4581AAE380500B75022 /* Build configuration list for PBXNativeTarget "arguments_example_swift" */ = {
			isa = XCConfigurationList;
			buildConfigurations = (
				3C29E4591AAE380500B75022 /* Debug */,
				3C29E45A1AAE380500B75022 /* Release */,
			);
			defaultConfigurationIsVisible = 0;
			defaultConfigurationName = Release;
		};
		3C29E4731AAE394F00B75022 /* Build configuration list for PBXNativeTarget "naval_fate_swift" */ = {
			isa = XCConfigurationList;
			buildConfigurations = (
				3C29E4741AAE394F00B75022 /* Debug */,
				3C29E4751AAE394F00B75022 /* Release */,
			);
			defaultConfigurationIsVisible = 0;
			defaultConfigurationName = Release;
		};
		3C4CA2F31AA9018000027F0F /* Build configuration list for PBXNativeTarget "calculator_example" */ = {
			isa = XCConfigurationList;
			buildConfigurations = (
				3C4CA2F41AA9018000027F0F /* Debug */,
				3C4CA2F51AA9018000027F0F /* Release */,
			);
			defaultConfigurationIsVisible = 0;
			defaultConfigurationName = Release;
		};
		3C4CA3121AA9045B00027F0F /* Build configuration list for PBXNativeTarget "arguments_example" */ = {
			isa = XCConfigurationList;
			buildConfigurations = (
				3C4CA3131AA9045B00027F0F /* Debug */,
				3C4CA3141AA9045B00027F0F /* Release */,
			);
			defaultConfigurationIsVisible = 0;
			defaultConfigurationName = Release;
		};
		3C4CA3291AA905BD00027F0F /* Build configuration list for PBXNativeTarget "naval_fate" */ = {
			isa = XCConfigurationList;
			buildConfigurations = (
				3C4CA32A1AA905BD00027F0F /* Debug */,
				3C4CA32B1AA905BD00027F0F /* Release */,
			);
			defaultConfigurationIsVisible = 0;
			defaultConfigurationName = Release;
		};
		3C4CA33B1AA90EBD00027F0F /* Build configuration list for PBXNativeTarget "calculator_example_swift" */ = {
			isa = XCConfigurationList;
			buildConfigurations = (
				3C4CA33C1AA90EBD00027F0F /* Debug */,
				3C4CA33D1AA90EBD00027F0F /* Release */,
			);
			defaultConfigurationIsVisible = 0;
			defaultConfigurationName = Release;
		};
		3CE911281AA1DE7D00082C0B /* Build configuration list for PBXProject "docopt" */ = {
			isa = XCConfigurationList;
			buildConfigurations = (
				3CE911421AA1DE7E00082C0B /* Debug */,
				3CE911431AA1DE7E00082C0B /* Release */,
			);
			defaultConfigurationIsVisible = 0;
			defaultConfigurationName = Release;
		};
		3CE911441AA1DE7E00082C0B /* Build configuration list for PBXNativeTarget "Docopt" */ = {
			isa = XCConfigurationList;
			buildConfigurations = (
				3CE911451AA1DE7E00082C0B /* Debug */,
				3CE911461AA1DE7E00082C0B /* Release */,
			);
			defaultConfigurationIsVisible = 0;
			defaultConfigurationName = Release;
		};
		3CE911471AA1DE7E00082C0B /* Build configuration list for PBXNativeTarget "DocoptTests" */ = {
			isa = XCConfigurationList;
			buildConfigurations = (
				3CE911481AA1DE7E00082C0B /* Debug */,
				3CE911491AA1DE7E00082C0B /* Release */,
			);
			defaultConfigurationIsVisible = 0;
			defaultConfigurationName = Release;
		};
/* End XCConfigurationList section */
	};
	rootObject = 3CE911251AA1DE7D00082C0B /* Project object */;
}
